// !$*UTF8*$!
{
	archiveVersion = 1;
	classes = {
	};
	objectVersion = 46;
	objects = {

/* Begin PBXBuildFile section */
		26152AE41D7AFDAD00E40150 /* TraktKit.h in Headers */ = {isa = PBXBuildFile; fileRef = 26152AE21D7AFDAD00E40150 /* TraktKit.h */; settings = {ATTRIBUTES = (Public, ); }; };
		262B37621D7F2C4C00CFEDF9 /* ShowRequest.swift in Sources */ = {isa = PBXBuildFile; fileRef = 262B37611D7F2C4C00CFEDF9 /* ShowRequest.swift */; };
		262B37641D7F2D1B00CFEDF9 /* TraktShow.swift in Sources */ = {isa = PBXBuildFile; fileRef = 262B37631D7F2D1B00CFEDF9 /* TraktShow.swift */; };
		262B37661D7F2D6500CFEDF9 /* Comment.swift in Sources */ = {isa = PBXBuildFile; fileRef = 262B37651D7F2D6500CFEDF9 /* Comment.swift */; };
		262B37681D7F2D9A00CFEDF9 /* User.swift in Sources */ = {isa = PBXBuildFile; fileRef = 262B37671D7F2D9A00CFEDF9 /* User.swift */; };
		262B376A1D7F2DDA00CFEDF9 /* People.swift in Sources */ = {isa = PBXBuildFile; fileRef = 262B37691D7F2DDA00CFEDF9 /* People.swift */; };
		262B376C1D7F2E2B00CFEDF9 /* Cast.swift in Sources */ = {isa = PBXBuildFile; fileRef = 262B376B1D7F2E2B00CFEDF9 /* Cast.swift */; };
		262B376F1D7F2E6400CFEDF9 /* KeyType.swift in Sources */ = {isa = PBXBuildFile; fileRef = 262B376E1D7F2E6400CFEDF9 /* KeyType.swift */; };
		262B37711D7F2EA100CFEDF9 /* Person.swift in Sources */ = {isa = PBXBuildFile; fileRef = 262B37701D7F2EA100CFEDF9 /* Person.swift */; };
		262B37741D7F2F3E00CFEDF9 /* Crew.swift in Sources */ = {isa = PBXBuildFile; fileRef = 262B37731D7F2F3E00CFEDF9 /* Crew.swift */; };
		262B37761D7F2FD300CFEDF9 /* Rating.swift in Sources */ = {isa = PBXBuildFile; fileRef = 262B37751D7F2FD300CFEDF9 /* Rating.swift */; };
		262B37781D7F2FEC00CFEDF9 /* Stats.swift in Sources */ = {isa = PBXBuildFile; fileRef = 262B37771D7F2FEC00CFEDF9 /* Stats.swift */; };
		262B377A1D7F303800CFEDF9 /* Progress.swift in Sources */ = {isa = PBXBuildFile; fileRef = 262B37791D7F303800CFEDF9 /* Progress.swift */; };
		262B377C1D7F30DA00CFEDF9 /* SeasonProgress.swift in Sources */ = {isa = PBXBuildFile; fileRef = 262B377B1D7F30DA00CFEDF9 /* SeasonProgress.swift */; };
		262B377E1D7F310D00CFEDF9 /* EpisodeProgress.swift in Sources */ = {isa = PBXBuildFile; fileRef = 262B377D1D7F310D00CFEDF9 /* EpisodeProgress.swift */; };
		262B37811D7F3A0000CFEDF9 /* Season.swift in Sources */ = {isa = PBXBuildFile; fileRef = 262B37801D7F3A0000CFEDF9 /* Season.swift */; };
		262B37831D7F3A2100CFEDF9 /* Episode.swift in Sources */ = {isa = PBXBuildFile; fileRef = 262B37821D7F3A2100CFEDF9 /* Episode.swift */; };
		262B37851D7F3E5000CFEDF9 /* SeasonRequest.swift in Sources */ = {isa = PBXBuildFile; fileRef = 262B37841D7F3E5000CFEDF9 /* SeasonRequest.swift */; };
		262B37871D7F3F3500CFEDF9 /* EpisodeRequest.swift in Sources */ = {isa = PBXBuildFile; fileRef = 262B37861D7F3F3500CFEDF9 /* EpisodeRequest.swift */; };
		262B37891D7F408500CFEDF9 /* UserRequest.swift in Sources */ = {isa = PBXBuildFile; fileRef = 262B37881D7F408500CFEDF9 /* UserRequest.swift */; };
		262B378B1D7F40C900CFEDF9 /* List.swift in Sources */ = {isa = PBXBuildFile; fileRef = 262B378A1D7F40C900CFEDF9 /* List.swift */; };
		262B378F1D7F417F00CFEDF9 /* TraktUser.swift in Sources */ = {isa = PBXBuildFile; fileRef = 262B378E1D7F417F00CFEDF9 /* TraktUser.swift */; };
		262B37911D7F421900CFEDF9 /* ListRequest.swift in Sources */ = {isa = PBXBuildFile; fileRef = 262B37901D7F421900CFEDF9 /* ListRequest.swift */; };
		262B37931D7F432A00CFEDF9 /* ListItem.swift in Sources */ = {isa = PBXBuildFile; fileRef = 262B37921D7F432A00CFEDF9 /* ListItem.swift */; };
		262B37951D7F444200CFEDF9 /* ContentType.swift in Sources */ = {isa = PBXBuildFile; fileRef = 262B37941D7F444200CFEDF9 /* ContentType.swift */; };
		262B37971D7F4A9100CFEDF9 /* PeopleRequest.swift in Sources */ = {isa = PBXBuildFile; fileRef = 262B37961D7F4A9100CFEDF9 /* PeopleRequest.swift */; };
		262B37991D7F4AB600CFEDF9 /* PersonRelated.swift in Sources */ = {isa = PBXBuildFile; fileRef = 262B37981D7F4AB600CFEDF9 /* PersonRelated.swift */; };
		2655F25E1D7F1EB7002043BB /* TraktKit.framework in Frameworks */ = {isa = PBXBuildFile; fileRef = 26152ADF1D7AFDAD00E40150 /* TraktKit.framework */; };
		2655F2651D7F1EEE002043BB /* CredentialsTests.swift in Sources */ = {isa = PBXBuildFile; fileRef = 2655F2641D7F1EEE002043BB /* CredentialsTests.swift */; };
		2655F2671D7F1F6E002043BB /* TokenTests.swift in Sources */ = {isa = PBXBuildFile; fileRef = 2655F2661D7F1F6E002043BB /* TokenTests.swift */; };
		2655F2691D7F20D2002043BB /* KeychainTests.swift in Sources */ = {isa = PBXBuildFile; fileRef = 2655F2681D7F20D2002043BB /* KeychainTests.swift */; };
		2655F26E1D7F2460002043BB /* ExtendedTests.swift in Sources */ = {isa = PBXBuildFile; fileRef = 2655F26D1D7F2460002043BB /* ExtendedTests.swift */; };
		2655F2701D7F258B002043BB /* StatusCodeTests.swift in Sources */ = {isa = PBXBuildFile; fileRef = 2655F26F1D7F258B002043BB /* StatusCodeTests.swift */; };
		2655F2721D7F25CD002043BB /* ResultTests.swift in Sources */ = {isa = PBXBuildFile; fileRef = 2655F2711D7F25CD002043BB /* ResultTests.swift */; };
		2655F2741D7F2602002043BB /* ISO8601DateFormatterTests.swift in Sources */ = {isa = PBXBuildFile; fileRef = 2655F2731D7F2602002043BB /* ISO8601DateFormatterTests.swift */; };
		265823E31D7C7CD70018F641 /* Keychain.swift in Sources */ = {isa = PBXBuildFile; fileRef = 265823E21D7C7CD70018F641 /* Keychain.swift */; };
		265823E51D7C854F0018F641 /* Result.swift in Sources */ = {isa = PBXBuildFile; fileRef = 265823E41D7C854F0018F641 /* Result.swift */; };
		265823E71D7C85900018F641 /* Resource.swift in Sources */ = {isa = PBXBuildFile; fileRef = 265823E61D7C85900018F641 /* Resource.swift */; };
		265823E91D7C8AEB0018F641 /* StatusCode.swift in Sources */ = {isa = PBXBuildFile; fileRef = 265823E81D7C8AEB0018F641 /* StatusCode.swift */; };
		265823EC1D7C9F7C0018F641 /* TraktAuth.swift in Sources */ = {isa = PBXBuildFile; fileRef = 265823EB1D7C9F7C0018F641 /* TraktAuth.swift */; };
		265823EE1D7CA0960018F641 /* TraktExplore.swift in Sources */ = {isa = PBXBuildFile; fileRef = 265823ED1D7CA0960018F641 /* TraktExplore.swift */; };
		265823F01D7CA16C0018F641 /* Extended.swift in Sources */ = {isa = PBXBuildFile; fileRef = 265823EF1D7CA16C0018F641 /* Extended.swift */; };
		265823F31D7CA3F30018F641 /* Unbox.swift in Sources */ = {isa = PBXBuildFile; fileRef = 265823F21D7CA3F30018F641 /* Unbox.swift */; };
		265823F61D7CA43F0018F641 /* TrendingShow.swift in Sources */ = {isa = PBXBuildFile; fileRef = 265823F51D7CA43F0018F641 /* TrendingShow.swift */; };
		265823F81D7CA4590018F641 /* Show.swift in Sources */ = {isa = PBXBuildFile; fileRef = 265823F71D7CA4590018F641 /* Show.swift */; };
		265823FD1D7CA5730018F641 /* Image.swift in Sources */ = {isa = PBXBuildFile; fileRef = 265823FC1D7CA5730018F641 /* Image.swift */; };
		265823FF1D7CA5F50018F641 /* DateFormatters.swift in Sources */ = {isa = PBXBuildFile; fileRef = 265823FE1D7CA5F50018F641 /* DateFormatters.swift */; };
		265824011D7CA86B0018F641 /* AnticipatedShow.swift in Sources */ = {isa = PBXBuildFile; fileRef = 265824001D7CA86B0018F641 /* AnticipatedShow.swift */; };
		265E9E4B1D7B00D500B51D5D /* Trakt.swift in Sources */ = {isa = PBXBuildFile; fileRef = 265E9E4A1D7B00D500B51D5D /* Trakt.swift */; };
		265E9E4D1D7B016300B51D5D /* Credentials.swift in Sources */ = {isa = PBXBuildFile; fileRef = 265E9E4C1D7B016300B51D5D /* Credentials.swift */; };
		265E9E4F1D7B019E00B51D5D /* Token.swift in Sources */ = {isa = PBXBuildFile; fileRef = 265E9E4E1D7B019E00B51D5D /* Token.swift */; };
/* End PBXBuildFile section */

/* Begin PBXContainerItemProxy section */
		2655F25F1D7F1EB7002043BB /* PBXContainerItemProxy */ = {
			isa = PBXContainerItemProxy;
			containerPortal = 26152AD61D7AFDAC00E40150 /* Project object */;
			proxyType = 1;
			remoteGlobalIDString = 26152ADE1D7AFDAC00E40150;
			remoteInfo = TraktKit;
		};
/* End PBXContainerItemProxy section */

/* Begin PBXFileReference section */
		26152ADF1D7AFDAD00E40150 /* TraktKit.framework */ = {isa = PBXFileReference; explicitFileType = wrapper.framework; includeInIndex = 0; path = TraktKit.framework; sourceTree = BUILT_PRODUCTS_DIR; };
		26152AE21D7AFDAD00E40150 /* TraktKit.h */ = {isa = PBXFileReference; lastKnownFileType = sourcecode.c.h; path = TraktKit.h; sourceTree = "<group>"; };
		26152AE31D7AFDAD00E40150 /* Info.plist */ = {isa = PBXFileReference; lastKnownFileType = text.plist.xml; path = Info.plist; sourceTree = "<group>"; };
		262B37611D7F2C4C00CFEDF9 /* ShowRequest.swift */ = {isa = PBXFileReference; fileEncoding = 4; lastKnownFileType = sourcecode.swift; path = ShowRequest.swift; sourceTree = "<group>"; };
		262B37631D7F2D1B00CFEDF9 /* TraktShow.swift */ = {isa = PBXFileReference; fileEncoding = 4; lastKnownFileType = sourcecode.swift; path = TraktShow.swift; sourceTree = "<group>"; };
		262B37651D7F2D6500CFEDF9 /* Comment.swift */ = {isa = PBXFileReference; fileEncoding = 4; lastKnownFileType = sourcecode.swift; lineEnding = 0; path = Comment.swift; sourceTree = "<group>"; xcLanguageSpecificationIdentifier = xcode.lang.swift; };
		262B37671D7F2D9A00CFEDF9 /* User.swift */ = {isa = PBXFileReference; fileEncoding = 4; lastKnownFileType = sourcecode.swift; lineEnding = 0; path = User.swift; sourceTree = "<group>"; xcLanguageSpecificationIdentifier = xcode.lang.swift; };
		262B37691D7F2DDA00CFEDF9 /* People.swift */ = {isa = PBXFileReference; fileEncoding = 4; lastKnownFileType = sourcecode.swift; path = People.swift; sourceTree = "<group>"; };
		262B376B1D7F2E2B00CFEDF9 /* Cast.swift */ = {isa = PBXFileReference; fileEncoding = 4; lastKnownFileType = sourcecode.swift; path = Cast.swift; sourceTree = "<group>"; };
		262B376E1D7F2E6400CFEDF9 /* KeyType.swift */ = {isa = PBXFileReference; fileEncoding = 4; lastKnownFileType = sourcecode.swift; path = KeyType.swift; sourceTree = "<group>"; };
		262B37701D7F2EA100CFEDF9 /* Person.swift */ = {isa = PBXFileReference; fileEncoding = 4; lastKnownFileType = sourcecode.swift; path = Person.swift; sourceTree = "<group>"; };
		262B37731D7F2F3E00CFEDF9 /* Crew.swift */ = {isa = PBXFileReference; fileEncoding = 4; lastKnownFileType = sourcecode.swift; path = Crew.swift; sourceTree = "<group>"; };
		262B37751D7F2FD300CFEDF9 /* Rating.swift */ = {isa = PBXFileReference; fileEncoding = 4; lastKnownFileType = sourcecode.swift; path = Rating.swift; sourceTree = "<group>"; };
		262B37771D7F2FEC00CFEDF9 /* Stats.swift */ = {isa = PBXFileReference; fileEncoding = 4; lastKnownFileType = sourcecode.swift; path = Stats.swift; sourceTree = "<group>"; };
		262B37791D7F303800CFEDF9 /* Progress.swift */ = {isa = PBXFileReference; fileEncoding = 4; lastKnownFileType = sourcecode.swift; lineEnding = 0; path = Progress.swift; sourceTree = "<group>"; xcLanguageSpecificationIdentifier = xcode.lang.swift; };
		262B377B1D7F30DA00CFEDF9 /* SeasonProgress.swift */ = {isa = PBXFileReference; fileEncoding = 4; lastKnownFileType = sourcecode.swift; path = SeasonProgress.swift; sourceTree = "<group>"; };
		262B377D1D7F310D00CFEDF9 /* EpisodeProgress.swift */ = {isa = PBXFileReference; fileEncoding = 4; lastKnownFileType = sourcecode.swift; lineEnding = 0; path = EpisodeProgress.swift; sourceTree = "<group>"; xcLanguageSpecificationIdentifier = xcode.lang.swift; };
		262B37801D7F3A0000CFEDF9 /* Season.swift */ = {isa = PBXFileReference; fileEncoding = 4; lastKnownFileType = sourcecode.swift; lineEnding = 0; path = Season.swift; sourceTree = "<group>"; xcLanguageSpecificationIdentifier = xcode.lang.swift; };
		262B37821D7F3A2100CFEDF9 /* Episode.swift */ = {isa = PBXFileReference; fileEncoding = 4; lastKnownFileType = sourcecode.swift; lineEnding = 0; path = Episode.swift; sourceTree = "<group>"; xcLanguageSpecificationIdentifier = xcode.lang.swift; };
		262B37841D7F3E5000CFEDF9 /* SeasonRequest.swift */ = {isa = PBXFileReference; fileEncoding = 4; lastKnownFileType = sourcecode.swift; path = SeasonRequest.swift; sourceTree = "<group>"; };
		262B37861D7F3F3500CFEDF9 /* EpisodeRequest.swift */ = {isa = PBXFileReference; fileEncoding = 4; lastKnownFileType = sourcecode.swift; path = EpisodeRequest.swift; sourceTree = "<group>"; };
		262B37881D7F408500CFEDF9 /* UserRequest.swift */ = {isa = PBXFileReference; fileEncoding = 4; lastKnownFileType = sourcecode.swift; path = UserRequest.swift; sourceTree = "<group>"; };
		262B378A1D7F40C900CFEDF9 /* List.swift */ = {isa = PBXFileReference; fileEncoding = 4; lastKnownFileType = sourcecode.swift; lineEnding = 0; path = List.swift; sourceTree = "<group>"; xcLanguageSpecificationIdentifier = xcode.lang.swift; };
		262B378E1D7F417F00CFEDF9 /* TraktUser.swift */ = {isa = PBXFileReference; fileEncoding = 4; lastKnownFileType = sourcecode.swift; path = TraktUser.swift; sourceTree = "<group>"; };
		262B37901D7F421900CFEDF9 /* ListRequest.swift */ = {isa = PBXFileReference; fileEncoding = 4; lastKnownFileType = sourcecode.swift; path = ListRequest.swift; sourceTree = "<group>"; };
		262B37921D7F432A00CFEDF9 /* ListItem.swift */ = {isa = PBXFileReference; fileEncoding = 4; lastKnownFileType = sourcecode.swift; path = ListItem.swift; sourceTree = "<group>"; };
		262B37941D7F444200CFEDF9 /* ContentType.swift */ = {isa = PBXFileReference; fileEncoding = 4; lastKnownFileType = sourcecode.swift; path = ContentType.swift; sourceTree = "<group>"; };
		262B37961D7F4A9100CFEDF9 /* PeopleRequest.swift */ = {isa = PBXFileReference; fileEncoding = 4; lastKnownFileType = sourcecode.swift; path = PeopleRequest.swift; sourceTree = "<group>"; };
		262B37981D7F4AB600CFEDF9 /* PersonRelated.swift */ = {isa = PBXFileReference; fileEncoding = 4; lastKnownFileType = sourcecode.swift; path = PersonRelated.swift; sourceTree = "<group>"; };
		2655F2591D7F1EB7002043BB /* TraktKitTests.xctest */ = {isa = PBXFileReference; explicitFileType = wrapper.cfbundle; includeInIndex = 0; path = TraktKitTests.xctest; sourceTree = BUILT_PRODUCTS_DIR; };
		2655F25D1D7F1EB7002043BB /* Info.plist */ = {isa = PBXFileReference; lastKnownFileType = text.plist.xml; path = Info.plist; sourceTree = "<group>"; };
		2655F2641D7F1EEE002043BB /* CredentialsTests.swift */ = {isa = PBXFileReference; fileEncoding = 4; lastKnownFileType = sourcecode.swift; path = CredentialsTests.swift; sourceTree = "<group>"; };
		2655F2661D7F1F6E002043BB /* TokenTests.swift */ = {isa = PBXFileReference; fileEncoding = 4; lastKnownFileType = sourcecode.swift; path = TokenTests.swift; sourceTree = "<group>"; };
		2655F2681D7F20D2002043BB /* KeychainTests.swift */ = {isa = PBXFileReference; fileEncoding = 4; lastKnownFileType = sourcecode.swift; path = KeychainTests.swift; sourceTree = "<group>"; };
		2655F26D1D7F2460002043BB /* ExtendedTests.swift */ = {isa = PBXFileReference; fileEncoding = 4; lastKnownFileType = sourcecode.swift; path = ExtendedTests.swift; sourceTree = "<group>"; };
		2655F26F1D7F258B002043BB /* StatusCodeTests.swift */ = {isa = PBXFileReference; fileEncoding = 4; lastKnownFileType = sourcecode.swift; path = StatusCodeTests.swift; sourceTree = "<group>"; };
		2655F2711D7F25CD002043BB /* ResultTests.swift */ = {isa = PBXFileReference; fileEncoding = 4; lastKnownFileType = sourcecode.swift; path = ResultTests.swift; sourceTree = "<group>"; };
		2655F2731D7F2602002043BB /* ISO8601DateFormatterTests.swift */ = {isa = PBXFileReference; fileEncoding = 4; lastKnownFileType = sourcecode.swift; path = ISO8601DateFormatterTests.swift; sourceTree = "<group>"; };
		265823E21D7C7CD70018F641 /* Keychain.swift */ = {isa = PBXFileReference; fileEncoding = 4; lastKnownFileType = sourcecode.swift; path = Keychain.swift; sourceTree = "<group>"; };
		265823E41D7C854F0018F641 /* Result.swift */ = {isa = PBXFileReference; fileEncoding = 4; lastKnownFileType = sourcecode.swift; path = Result.swift; sourceTree = "<group>"; };
		265823E61D7C85900018F641 /* Resource.swift */ = {isa = PBXFileReference; fileEncoding = 4; lastKnownFileType = sourcecode.swift; path = Resource.swift; sourceTree = "<group>"; };
		265823E81D7C8AEB0018F641 /* StatusCode.swift */ = {isa = PBXFileReference; fileEncoding = 4; lastKnownFileType = sourcecode.swift; path = StatusCode.swift; sourceTree = "<group>"; };
		265823EB1D7C9F7C0018F641 /* TraktAuth.swift */ = {isa = PBXFileReference; fileEncoding = 4; lastKnownFileType = sourcecode.swift; path = TraktAuth.swift; sourceTree = "<group>"; };
		265823ED1D7CA0960018F641 /* TraktExplore.swift */ = {isa = PBXFileReference; fileEncoding = 4; lastKnownFileType = sourcecode.swift; path = TraktExplore.swift; sourceTree = "<group>"; };
		265823EF1D7CA16C0018F641 /* Extended.swift */ = {isa = PBXFileReference; fileEncoding = 4; lastKnownFileType = sourcecode.swift; path = Extended.swift; sourceTree = "<group>"; };
		265823F21D7CA3F30018F641 /* Unbox.swift */ = {isa = PBXFileReference; fileEncoding = 4; lastKnownFileType = sourcecode.swift; path = Unbox.swift; sourceTree = "<group>"; };
		265823F51D7CA43F0018F641 /* TrendingShow.swift */ = {isa = PBXFileReference; fileEncoding = 4; lastKnownFileType = sourcecode.swift; path = TrendingShow.swift; sourceTree = "<group>"; };
		265823F71D7CA4590018F641 /* Show.swift */ = {isa = PBXFileReference; fileEncoding = 4; lastKnownFileType = sourcecode.swift; lineEnding = 0; path = Show.swift; sourceTree = "<group>"; xcLanguageSpecificationIdentifier = xcode.lang.swift; };
		265823FC1D7CA5730018F641 /* Image.swift */ = {isa = PBXFileReference; fileEncoding = 4; lastKnownFileType = sourcecode.swift; path = Image.swift; sourceTree = "<group>"; };
		265823FE1D7CA5F50018F641 /* DateFormatters.swift */ = {isa = PBXFileReference; fileEncoding = 4; lastKnownFileType = sourcecode.swift; lineEnding = 0; path = DateFormatters.swift; sourceTree = "<group>"; xcLanguageSpecificationIdentifier = xcode.lang.swift; };
		265824001D7CA86B0018F641 /* AnticipatedShow.swift */ = {isa = PBXFileReference; fileEncoding = 4; lastKnownFileType = sourcecode.swift; path = AnticipatedShow.swift; sourceTree = "<group>"; };
		265E9E4A1D7B00D500B51D5D /* Trakt.swift */ = {isa = PBXFileReference; fileEncoding = 4; lastKnownFileType = sourcecode.swift; path = Trakt.swift; sourceTree = "<group>"; };
		265E9E4C1D7B016300B51D5D /* Credentials.swift */ = {isa = PBXFileReference; fileEncoding = 4; lastKnownFileType = sourcecode.swift; path = Credentials.swift; sourceTree = "<group>"; };
		265E9E4E1D7B019E00B51D5D /* Token.swift */ = {isa = PBXFileReference; fileEncoding = 4; lastKnownFileType = sourcecode.swift; path = Token.swift; sourceTree = "<group>"; };
/* End PBXFileReference section */

/* Begin PBXFrameworksBuildPhase section */
		26152ADB1D7AFDAC00E40150 /* Frameworks */ = {
			isa = PBXFrameworksBuildPhase;
			buildActionMask = 2147483647;
			files = (
			);
			runOnlyForDeploymentPostprocessing = 0;
		};
		2655F2561D7F1EB7002043BB /* Frameworks */ = {
			isa = PBXFrameworksBuildPhase;
			buildActionMask = 2147483647;
			files = (
				2655F25E1D7F1EB7002043BB /* TraktKit.framework in Frameworks */,
			);
			runOnlyForDeploymentPostprocessing = 0;
		};
/* End PBXFrameworksBuildPhase section */

/* Begin PBXGroup section */
		26152AD51D7AFDAC00E40150 = {
			isa = PBXGroup;
			children = (
				26152AE11D7AFDAD00E40150 /* TraktKit */,
				2655F25A1D7F1EB7002043BB /* TraktKitTests */,
				26152AE01D7AFDAD00E40150 /* Products */,
			);
			sourceTree = "<group>";
		};
		26152AE01D7AFDAD00E40150 /* Products */ = {
			isa = PBXGroup;
			children = (
				26152ADF1D7AFDAD00E40150 /* TraktKit.framework */,
				2655F2591D7F1EB7002043BB /* TraktKitTests.xctest */,
			);
			name = Products;
			sourceTree = "<group>";
		};
		26152AE11D7AFDAD00E40150 /* TraktKit */ = {
			isa = PBXGroup;
			children = (
				265E9E4A1D7B00D500B51D5D /* Trakt.swift */,
				265823EB1D7C9F7C0018F641 /* TraktAuth.swift */,
				265823ED1D7CA0960018F641 /* TraktExplore.swift */,
				262B37631D7F2D1B00CFEDF9 /* TraktShow.swift */,
				262B378E1D7F417F00CFEDF9 /* TraktUser.swift */,
				265823EA1D7C9E8D0018F641 /* Request */,
				265823F41D7CA4370018F641 /* Model */,
				265E9E501D7B01F900B51D5D /* Auth */,
				265823F11D7CA3E40018F641 /* Components */,
				262B376D1D7F2E4B00CFEDF9 /* Protocols */,
				265E9E491D7AFECC00B51D5D /* Supporting Files */,
			);
			path = TraktKit;
			sourceTree = "<group>";
		};
		262B376D1D7F2E4B00CFEDF9 /* Protocols */ = {
			isa = PBXGroup;
			children = (
				262B376E1D7F2E6400CFEDF9 /* KeyType.swift */,
			);
			name = Protocols;
			sourceTree = "<group>";
		};
		262B37721D7F2F3600CFEDF9 /* People */ = {
			isa = PBXGroup;
			children = (
				262B37691D7F2DDA00CFEDF9 /* People.swift */,
				262B37701D7F2EA100CFEDF9 /* Person.swift */,
				262B376B1D7F2E2B00CFEDF9 /* Cast.swift */,
				262B37731D7F2F3E00CFEDF9 /* Crew.swift */,
				262B37981D7F4AB600CFEDF9 /* PersonRelated.swift */,
			);
			name = People;
			sourceTree = "<group>";
		};
		262B377F1D7F311100CFEDF9 /* Progress */ = {
			isa = PBXGroup;
			children = (
				262B37791D7F303800CFEDF9 /* Progress.swift */,
				262B377B1D7F30DA00CFEDF9 /* SeasonProgress.swift */,
				262B377D1D7F310D00CFEDF9 /* EpisodeProgress.swift */,
			);
			name = Progress;
			sourceTree = "<group>";
		};
		2655F25A1D7F1EB7002043BB /* TraktKitTests */ = {
			isa = PBXGroup;
			children = (
				2655F26C1D7F2450002043BB /* Components */,
				2655F26A1D7F214E002043BB /* Auth */,
				2655F26B1D7F2153002043BB /* Supporting Files */,
			);
			path = TraktKitTests;
			sourceTree = "<group>";
		};
		2655F26A1D7F214E002043BB /* Auth */ = {
			isa = PBXGroup;
			children = (
				2655F2641D7F1EEE002043BB /* CredentialsTests.swift */,
				2655F2661D7F1F6E002043BB /* TokenTests.swift */,
				2655F2681D7F20D2002043BB /* KeychainTests.swift */,
			);
			name = Auth;
			sourceTree = "<group>";
		};
		2655F26B1D7F2153002043BB /* Supporting Files */ = {
			isa = PBXGroup;
			children = (
				2655F25D1D7F1EB7002043BB /* Info.plist */,
			);
			name = "Supporting Files";
			sourceTree = "<group>";
		};
		2655F26C1D7F2450002043BB /* Components */ = {
			isa = PBXGroup;
			children = (
				2655F26D1D7F2460002043BB /* ExtendedTests.swift */,
				2655F2731D7F2602002043BB /* ISO8601DateFormatterTests.swift */,
				2655F2711D7F25CD002043BB /* ResultTests.swift */,
				2655F26F1D7F258B002043BB /* StatusCodeTests.swift */,
			);
			name = Components;
			sourceTree = "<group>";
		};
		265823EA1D7C9E8D0018F641 /* Request */ = {
			isa = PBXGroup;
			children = (
				262B37611D7F2C4C00CFEDF9 /* ShowRequest.swift */,
				262B37841D7F3E5000CFEDF9 /* SeasonRequest.swift */,
				262B37861D7F3F3500CFEDF9 /* EpisodeRequest.swift */,
				262B37881D7F408500CFEDF9 /* UserRequest.swift */,
				262B37901D7F421900CFEDF9 /* ListRequest.swift */,
				262B37961D7F4A9100CFEDF9 /* PeopleRequest.swift */,
			);
			name = Request;
			sourceTree = "<group>";
		};
		265823F11D7CA3E40018F641 /* Components */ = {
			isa = PBXGroup;
			children = (
				265823F21D7CA3F30018F641 /* Unbox.swift */,
				265823FE1D7CA5F50018F641 /* DateFormatters.swift */,
				265823E41D7C854F0018F641 /* Result.swift */,
				265823E61D7C85900018F641 /* Resource.swift */,
				265823E81D7C8AEB0018F641 /* StatusCode.swift */,
				265823EF1D7CA16C0018F641 /* Extended.swift */,
			);
			name = Components;
			sourceTree = "<group>";
		};
		265823F41D7CA4370018F641 /* Model */ = {
			isa = PBXGroup;
			children = (
				265823FB1D7CA4BD0018F641 /* Show */,
				262B37721D7F2F3600CFEDF9 /* People */,
				262B377F1D7F311100CFEDF9 /* Progress */,
				262B37801D7F3A0000CFEDF9 /* Season.swift */,
				262B37821D7F3A2100CFEDF9 /* Episode.swift */,
				265823FC1D7CA5730018F641 /* Image.swift */,
				262B37651D7F2D6500CFEDF9 /* Comment.swift */,
				262B37671D7F2D9A00CFEDF9 /* User.swift */,
				262B37751D7F2FD300CFEDF9 /* Rating.swift */,
				262B37771D7F2FEC00CFEDF9 /* Stats.swift */,
				262B378A1D7F40C900CFEDF9 /* List.swift */,
				262B37921D7F432A00CFEDF9 /* ListItem.swift */,
				262B37941D7F444200CFEDF9 /* ContentType.swift */,
			);
			name = Model;
			sourceTree = "<group>";
		};
		265823FB1D7CA4BD0018F641 /* Show */ = {
			isa = PBXGroup;
			children = (
				265823F51D7CA43F0018F641 /* TrendingShow.swift */,
				265824001D7CA86B0018F641 /* AnticipatedShow.swift */,
				265823F71D7CA4590018F641 /* Show.swift */,
			);
			name = Show;
			sourceTree = "<group>";
		};
		265E9E491D7AFECC00B51D5D /* Supporting Files */ = {
			isa = PBXGroup;
			children = (
				26152AE21D7AFDAD00E40150 /* TraktKit.h */,
				26152AE31D7AFDAD00E40150 /* Info.plist */,
			);
			name = "Supporting Files";
			sourceTree = "<group>";
		};
		265E9E501D7B01F900B51D5D /* Auth */ = {
			isa = PBXGroup;
			children = (
				265E9E4C1D7B016300B51D5D /* Credentials.swift */,
				265E9E4E1D7B019E00B51D5D /* Token.swift */,
				265823E21D7C7CD70018F641 /* Keychain.swift */,
			);
			name = Auth;
			sourceTree = "<group>";
		};
/* End PBXGroup section */

/* Begin PBXHeadersBuildPhase section */
		26152ADC1D7AFDAC00E40150 /* Headers */ = {
			isa = PBXHeadersBuildPhase;
			buildActionMask = 2147483647;
			files = (
				26152AE41D7AFDAD00E40150 /* TraktKit.h in Headers */,
			);
			runOnlyForDeploymentPostprocessing = 0;
		};
/* End PBXHeadersBuildPhase section */

/* Begin PBXNativeTarget section */
		26152ADE1D7AFDAC00E40150 /* TraktKit */ = {
			isa = PBXNativeTarget;
			buildConfigurationList = 26152AE71D7AFDAD00E40150 /* Build configuration list for PBXNativeTarget "TraktKit" */;
			buildPhases = (
				26152ADA1D7AFDAC00E40150 /* Sources */,
				26152ADB1D7AFDAC00E40150 /* Frameworks */,
				26152ADC1D7AFDAC00E40150 /* Headers */,
				26152ADD1D7AFDAC00E40150 /* Resources */,
			);
			buildRules = (
			);
			dependencies = (
			);
			name = TraktKit;
			productName = TraktKit;
			productReference = 26152ADF1D7AFDAD00E40150 /* TraktKit.framework */;
			productType = "com.apple.product-type.framework";
		};
		2655F2581D7F1EB7002043BB /* TraktKitTests */ = {
			isa = PBXNativeTarget;
			buildConfigurationList = 2655F2631D7F1EB7002043BB /* Build configuration list for PBXNativeTarget "TraktKitTests" */;
			buildPhases = (
				2655F2551D7F1EB7002043BB /* Sources */,
				2655F2561D7F1EB7002043BB /* Frameworks */,
				2655F2571D7F1EB7002043BB /* Resources */,
			);
			buildRules = (
			);
			dependencies = (
				2655F2601D7F1EB7002043BB /* PBXTargetDependency */,
			);
			name = TraktKitTests;
			productName = TraktKitTests;
			productReference = 2655F2591D7F1EB7002043BB /* TraktKitTests.xctest */;
			productType = "com.apple.product-type.bundle.unit-test";
		};
/* End PBXNativeTarget section */

/* Begin PBXProject section */
		26152AD61D7AFDAC00E40150 /* Project object */ = {
			isa = PBXProject;
			attributes = {
				LastSwiftUpdateCheck = 0800;
				LastUpgradeCheck = 0800;
				ORGANIZATIONNAME = "Sven Bacia";
				TargetAttributes = {
					26152ADE1D7AFDAC00E40150 = {
						CreatedOnToolsVersion = 8.0;
						LastSwiftMigration = 0800;
						ProvisioningStyle = Manual;
					};
					2655F2581D7F1EB7002043BB = {
						CreatedOnToolsVersion = 8.0;
						DevelopmentTeam = ZG435LD5XK;
						LastSwiftMigration = 0800;
						ProvisioningStyle = Automatic;
					};
				};
			};
			buildConfigurationList = 26152AD91D7AFDAC00E40150 /* Build configuration list for PBXProject "TraktKit" */;
			compatibilityVersion = "Xcode 3.2";
			developmentRegion = English;
			hasScannedForEncodings = 0;
			knownRegions = (
				en,
			);
			mainGroup = 26152AD51D7AFDAC00E40150;
			productRefGroup = 26152AE01D7AFDAD00E40150 /* Products */;
			projectDirPath = "";
			projectRoot = "";
			targets = (
				26152ADE1D7AFDAC00E40150 /* TraktKit */,
				2655F2581D7F1EB7002043BB /* TraktKitTests */,
			);
		};
/* End PBXProject section */

/* Begin PBXResourcesBuildPhase section */
		26152ADD1D7AFDAC00E40150 /* Resources */ = {
			isa = PBXResourcesBuildPhase;
			buildActionMask = 2147483647;
			files = (
			);
			runOnlyForDeploymentPostprocessing = 0;
		};
		2655F2571D7F1EB7002043BB /* Resources */ = {
			isa = PBXResourcesBuildPhase;
			buildActionMask = 2147483647;
			files = (
			);
			runOnlyForDeploymentPostprocessing = 0;
		};
/* End PBXResourcesBuildPhase section */

/* Begin PBXSourcesBuildPhase section */
		26152ADA1D7AFDAC00E40150 /* Sources */ = {
			isa = PBXSourcesBuildPhase;
			buildActionMask = 2147483647;
			files = (
				265E9E4F1D7B019E00B51D5D /* Token.swift in Sources */,
				262B37641D7F2D1B00CFEDF9 /* TraktShow.swift in Sources */,
				265823FF1D7CA5F50018F641 /* DateFormatters.swift in Sources */,
				265823E51D7C854F0018F641 /* Result.swift in Sources */,
				262B37741D7F2F3E00CFEDF9 /* Crew.swift in Sources */,
				265823F01D7CA16C0018F641 /* Extended.swift in Sources */,
				265823EC1D7C9F7C0018F641 /* TraktAuth.swift in Sources */,
				262B37711D7F2EA100CFEDF9 /* Person.swift in Sources */,
				265823E31D7C7CD70018F641 /* Keychain.swift in Sources */,
				262B37871D7F3F3500CFEDF9 /* EpisodeRequest.swift in Sources */,
				262B37991D7F4AB600CFEDF9 /* PersonRelated.swift in Sources */,
				265823F61D7CA43F0018F641 /* TrendingShow.swift in Sources */,
				262B377A1D7F303800CFEDF9 /* Progress.swift in Sources */,
				262B37681D7F2D9A00CFEDF9 /* User.swift in Sources */,
				262B37891D7F408500CFEDF9 /* UserRequest.swift in Sources */,
				262B37851D7F3E5000CFEDF9 /* SeasonRequest.swift in Sources */,
				262B37911D7F421900CFEDF9 /* ListRequest.swift in Sources */,
				262B378F1D7F417F00CFEDF9 /* TraktUser.swift in Sources */,
				262B376C1D7F2E2B00CFEDF9 /* Cast.swift in Sources */,
				262B37761D7F2FD300CFEDF9 /* Rating.swift in Sources */,
				262B378B1D7F40C900CFEDF9 /* List.swift in Sources */,
				265824011D7CA86B0018F641 /* AnticipatedShow.swift in Sources */,
				262B376F1D7F2E6400CFEDF9 /* KeyType.swift in Sources */,
				265823E91D7C8AEB0018F641 /* StatusCode.swift in Sources */,
				262B37831D7F3A2100CFEDF9 /* Episode.swift in Sources */,
				265823FD1D7CA5730018F641 /* Image.swift in Sources */,
				262B37971D7F4A9100CFEDF9 /* PeopleRequest.swift in Sources */,
				262B37951D7F444200CFEDF9 /* ContentType.swift in Sources */,
				265823F31D7CA3F30018F641 /* Unbox.swift in Sources */,
				262B376A1D7F2DDA00CFEDF9 /* People.swift in Sources */,
				262B377E1D7F310D00CFEDF9 /* EpisodeProgress.swift in Sources */,
				262B37781D7F2FEC00CFEDF9 /* Stats.swift in Sources */,
				265823E71D7C85900018F641 /* Resource.swift in Sources */,
				265E9E4D1D7B016300B51D5D /* Credentials.swift in Sources */,
				265823F81D7CA4590018F641 /* Show.swift in Sources */,
				265E9E4B1D7B00D500B51D5D /* Trakt.swift in Sources */,
				262B37661D7F2D6500CFEDF9 /* Comment.swift in Sources */,
				262B37811D7F3A0000CFEDF9 /* Season.swift in Sources */,
				265823EE1D7CA0960018F641 /* TraktExplore.swift in Sources */,
				262B37931D7F432A00CFEDF9 /* ListItem.swift in Sources */,
				262B377C1D7F30DA00CFEDF9 /* SeasonProgress.swift in Sources */,
				262B37621D7F2C4C00CFEDF9 /* ShowRequest.swift in Sources */,
			);
			runOnlyForDeploymentPostprocessing = 0;
		};
		2655F2551D7F1EB7002043BB /* Sources */ = {
			isa = PBXSourcesBuildPhase;
			buildActionMask = 2147483647;
			files = (
				2655F2721D7F25CD002043BB /* ResultTests.swift in Sources */,
				2655F2701D7F258B002043BB /* StatusCodeTests.swift in Sources */,
				2655F2741D7F2602002043BB /* ISO8601DateFormatterTests.swift in Sources */,
				2655F2651D7F1EEE002043BB /* CredentialsTests.swift in Sources */,
				2655F26E1D7F2460002043BB /* ExtendedTests.swift in Sources */,
				2655F2671D7F1F6E002043BB /* TokenTests.swift in Sources */,
				2655F2691D7F20D2002043BB /* KeychainTests.swift in Sources */,
			);
			runOnlyForDeploymentPostprocessing = 0;
		};
/* End PBXSourcesBuildPhase section */

/* Begin PBXTargetDependency section */
		2655F2601D7F1EB7002043BB /* PBXTargetDependency */ = {
			isa = PBXTargetDependency;
			target = 26152ADE1D7AFDAC00E40150 /* TraktKit */;
			targetProxy = 2655F25F1D7F1EB7002043BB /* PBXContainerItemProxy */;
		};
/* End PBXTargetDependency section */

/* Begin XCBuildConfiguration section */
		26152AE51D7AFDAD00E40150 /* Debug */ = {
			isa = XCBuildConfiguration;
			buildSettings = {
				ALWAYS_SEARCH_USER_PATHS = NO;
				CLANG_ANALYZER_NONNULL = YES;
				CLANG_CXX_LANGUAGE_STANDARD = "gnu++0x";
				CLANG_CXX_LIBRARY = "libc++";
				CLANG_ENABLE_MODULES = YES;
				CLANG_ENABLE_OBJC_ARC = YES;
				CLANG_WARN_BOOL_CONVERSION = YES;
				CLANG_WARN_CONSTANT_CONVERSION = YES;
				CLANG_WARN_DIRECT_OBJC_ISA_USAGE = YES_ERROR;
				CLANG_WARN_DOCUMENTATION_COMMENTS = YES;
				CLANG_WARN_EMPTY_BODY = YES;
				CLANG_WARN_ENUM_CONVERSION = YES;
				CLANG_WARN_INFINITE_RECURSION = YES;
				CLANG_WARN_INT_CONVERSION = YES;
				CLANG_WARN_OBJC_ROOT_CLASS = YES_ERROR;
				CLANG_WARN_SUSPICIOUS_MOVES = YES;
				CLANG_WARN_UNREACHABLE_CODE = YES;
				CLANG_WARN__DUPLICATE_METHOD_MATCH = YES;
				"CODE_SIGN_IDENTITY[sdk=iphoneos*]" = "iPhone Developer";
				COPY_PHASE_STRIP = NO;
				CURRENT_PROJECT_VERSION = 1;
				DEBUG_INFORMATION_FORMAT = dwarf;
				ENABLE_STRICT_OBJC_MSGSEND = YES;
				ENABLE_TESTABILITY = YES;
				GCC_C_LANGUAGE_STANDARD = gnu99;
				GCC_DYNAMIC_NO_PIC = NO;
				GCC_NO_COMMON_BLOCKS = YES;
				GCC_OPTIMIZATION_LEVEL = 0;
				GCC_PREPROCESSOR_DEFINITIONS = (
					"DEBUG=1",
					"$(inherited)",
				);
				GCC_WARN_64_TO_32_BIT_CONVERSION = YES;
				GCC_WARN_ABOUT_RETURN_TYPE = YES_ERROR;
				GCC_WARN_UNDECLARED_SELECTOR = YES;
				GCC_WARN_UNINITIALIZED_AUTOS = YES_AGGRESSIVE;
				GCC_WARN_UNUSED_FUNCTION = YES;
				GCC_WARN_UNUSED_VARIABLE = YES;
				IPHONEOS_DEPLOYMENT_TARGET = 10.0;
				MTL_ENABLE_DEBUG_INFO = YES;
				ONLY_ACTIVE_ARCH = YES;
				SDKROOT = iphoneos;
				SWIFT_ACTIVE_COMPILATION_CONDITIONS = DEBUG;
				SWIFT_OPTIMIZATION_LEVEL = "-Onone";
				TARGETED_DEVICE_FAMILY = "1,2";
				VERSIONING_SYSTEM = "apple-generic";
				VERSION_INFO_PREFIX = "";
			};
			name = Debug;
		};
		26152AE61D7AFDAD00E40150 /* Release */ = {
			isa = XCBuildConfiguration;
			buildSettings = {
				ALWAYS_SEARCH_USER_PATHS = NO;
				CLANG_ANALYZER_NONNULL = YES;
				CLANG_CXX_LANGUAGE_STANDARD = "gnu++0x";
				CLANG_CXX_LIBRARY = "libc++";
				CLANG_ENABLE_MODULES = YES;
				CLANG_ENABLE_OBJC_ARC = YES;
				CLANG_WARN_BOOL_CONVERSION = YES;
				CLANG_WARN_CONSTANT_CONVERSION = YES;
				CLANG_WARN_DIRECT_OBJC_ISA_USAGE = YES_ERROR;
				CLANG_WARN_DOCUMENTATION_COMMENTS = YES;
				CLANG_WARN_EMPTY_BODY = YES;
				CLANG_WARN_ENUM_CONVERSION = YES;
				CLANG_WARN_INFINITE_RECURSION = YES;
				CLANG_WARN_INT_CONVERSION = YES;
				CLANG_WARN_OBJC_ROOT_CLASS = YES_ERROR;
				CLANG_WARN_SUSPICIOUS_MOVES = YES;
				CLANG_WARN_UNREACHABLE_CODE = YES;
				CLANG_WARN__DUPLICATE_METHOD_MATCH = YES;
				"CODE_SIGN_IDENTITY[sdk=iphoneos*]" = "iPhone Developer";
				COPY_PHASE_STRIP = NO;
				CURRENT_PROJECT_VERSION = 1;
				DEBUG_INFORMATION_FORMAT = "dwarf-with-dsym";
				ENABLE_NS_ASSERTIONS = NO;
				ENABLE_STRICT_OBJC_MSGSEND = YES;
				GCC_C_LANGUAGE_STANDARD = gnu99;
				GCC_NO_COMMON_BLOCKS = YES;
				GCC_WARN_64_TO_32_BIT_CONVERSION = YES;
				GCC_WARN_ABOUT_RETURN_TYPE = YES_ERROR;
				GCC_WARN_UNDECLARED_SELECTOR = YES;
				GCC_WARN_UNINITIALIZED_AUTOS = YES_AGGRESSIVE;
				GCC_WARN_UNUSED_FUNCTION = YES;
				GCC_WARN_UNUSED_VARIABLE = YES;
				IPHONEOS_DEPLOYMENT_TARGET = 10.0;
				MTL_ENABLE_DEBUG_INFO = NO;
				SDKROOT = iphoneos;
				SWIFT_OPTIMIZATION_LEVEL = "-Owholemodule";
				TARGETED_DEVICE_FAMILY = "1,2";
				VALIDATE_PRODUCT = YES;
				VERSIONING_SYSTEM = "apple-generic";
				VERSION_INFO_PREFIX = "";
			};
			name = Release;
		};
		26152AE81D7AFDAD00E40150 /* Debug */ = {
			isa = XCBuildConfiguration;
			buildSettings = {
				CLANG_ENABLE_MODULES = YES;
				CODE_SIGN_IDENTITY = "";
				DEFINES_MODULE = YES;
				DEVELOPMENT_TEAM = "";
				DYLIB_COMPATIBILITY_VERSION = 1;
				DYLIB_CURRENT_VERSION = 1;
				DYLIB_INSTALL_NAME_BASE = "@rpath";
				INFOPLIST_FILE = TraktKit/Info.plist;
				INSTALL_PATH = "$(LOCAL_LIBRARY_DIR)/Frameworks";
				IPHONEOS_DEPLOYMENT_TARGET = 9.0;
				LD_RUNPATH_SEARCH_PATHS = "$(inherited) @executable_path/Frameworks @loader_path/Frameworks";
				PRODUCT_BUNDLE_IDENTIFIER = com.svenbacia.TraktKit;
				PRODUCT_NAME = "$(TARGET_NAME)";
				SKIP_INSTALL = YES;
				SWIFT_OPTIMIZATION_LEVEL = "-Onone";
				SWIFT_VERSION = 3.0;
			};
			name = Debug;
		};
		26152AE91D7AFDAD00E40150 /* Release */ = {
			isa = XCBuildConfiguration;
			buildSettings = {
				CLANG_ENABLE_MODULES = YES;
				CODE_SIGN_IDENTITY = "";
				DEFINES_MODULE = YES;
				DEVELOPMENT_TEAM = "";
				DYLIB_COMPATIBILITY_VERSION = 1;
				DYLIB_CURRENT_VERSION = 1;
				DYLIB_INSTALL_NAME_BASE = "@rpath";
				INFOPLIST_FILE = TraktKit/Info.plist;
				INSTALL_PATH = "$(LOCAL_LIBRARY_DIR)/Frameworks";
				IPHONEOS_DEPLOYMENT_TARGET = 9.0;
				LD_RUNPATH_SEARCH_PATHS = "$(inherited) @executable_path/Frameworks @loader_path/Frameworks";
				PRODUCT_BUNDLE_IDENTIFIER = com.svenbacia.TraktKit;
				PRODUCT_NAME = "$(TARGET_NAME)";
				SKIP_INSTALL = YES;
				SWIFT_VERSION = 3.0;
			};
			name = Release;
		};
		2655F2611D7F1EB7002043BB /* Debug */ = {
			isa = XCBuildConfiguration;
			buildSettings = {
				CLANG_ENABLE_MODULES = YES;
				DEVELOPMENT_TEAM = ZG435LD5XK;
				INFOPLIST_FILE = TraktKitTests/Info.plist;
				LD_RUNPATH_SEARCH_PATHS = "$(inherited) @executable_path/Frameworks @loader_path/Frameworks";
				PRODUCT_BUNDLE_IDENTIFIER = com.svenbacia.TraktKitTests;
				PRODUCT_NAME = "$(TARGET_NAME)";
				SWIFT_OPTIMIZATION_LEVEL = "-Onone";
				SWIFT_VERSION = 3.0;
			};
			name = Debug;
		};
		2655F2621D7F1EB7002043BB /* Release */ = {
			isa = XCBuildConfiguration;
			buildSettings = {
				CLANG_ENABLE_MODULES = YES;
				DEVELOPMENT_TEAM = ZG435LD5XK;
				INFOPLIST_FILE = TraktKitTests/Info.plist;
				LD_RUNPATH_SEARCH_PATHS = "$(inherited) @executable_path/Frameworks @loader_path/Frameworks";
				PRODUCT_BUNDLE_IDENTIFIER = com.svenbacia.TraktKitTests;
				PRODUCT_NAME = "$(TARGET_NAME)";
				SWIFT_VERSION = 3.0;
			};
			name = Release;
		};
/* End XCBuildConfiguration section */

/* Begin XCConfigurationList section */
		26152AD91D7AFDAC00E40150 /* Build configuration list for PBXProject "TraktKit" */ = {
			isa = XCConfigurationList;
			buildConfigurations = (
				26152AE51D7AFDAD00E40150 /* Debug */,
				26152AE61D7AFDAD00E40150 /* Release */,
			);
			defaultConfigurationIsVisible = 0;
			defaultConfigurationName = Release;
		};
		26152AE71D7AFDAD00E40150 /* Build configuration list for PBXNativeTarget "TraktKit" */ = {
			isa = XCConfigurationList;
			buildConfigurations = (
				26152AE81D7AFDAD00E40150 /* Debug */,
				26152AE91D7AFDAD00E40150 /* Release */,
			);
			defaultConfigurationIsVisible = 0;
			defaultConfigurationName = Release;
		};
		2655F2631D7F1EB7002043BB /* Build configuration list for PBXNativeTarget "TraktKitTests" */ = {
			isa = XCConfigurationList;
			buildConfigurations = (
				2655F2611D7F1EB7002043BB /* Debug */,
				2655F2621D7F1EB7002043BB /* Release */,
			);
			defaultConfigurationIsVisible = 0;
			defaultConfigurationName = Release;
		};
/* End XCConfigurationList section */
	};
	rootObject = 26152AD61D7AFDAC00E40150 /* Project object */;
}
