// !$*UTF8*$!
{
	archiveVersion = 1;
	classes = {
	};
	objectVersion = 46;
	objects = {

/* Begin PBXBuildFile section */
		260E5DB11FAF406600A1E064 /* TraktShowTests.swift in Sources */ = {isa = PBXBuildFile; fileRef = 260E5DB01FAF406600A1E064 /* TraktShowTests.swift */; };
		260E5DB31FAF421200A1E064 /* show-comments.json in Resources */ = {isa = PBXBuildFile; fileRef = 260E5DB21FAF421200A1E064 /* show-comments.json */; };
		260E5DB51FAF445500A1E064 /* show-people.json in Resources */ = {isa = PBXBuildFile; fileRef = 260E5DB41FAF445500A1E064 /* show-people.json */; };
		260E5DB71FAF474800A1E064 /* show-rating.json in Resources */ = {isa = PBXBuildFile; fileRef = 260E5DB61FAF474800A1E064 /* show-rating.json */; };
		260E5DB91FAF493400A1E064 /* show-related.json in Resources */ = {isa = PBXBuildFile; fileRef = 260E5DB81FAF493400A1E064 /* show-related.json */; };
		260E5DBB1FAF49C900A1E064 /* show-stats.json in Resources */ = {isa = PBXBuildFile; fileRef = 260E5DBA1FAF49C900A1E064 /* show-stats.json */; };
		260E5DBD1FAF4A4900A1E064 /* show-watching.json in Resources */ = {isa = PBXBuildFile; fileRef = 260E5DBC1FAF4A4900A1E064 /* show-watching.json */; };
		26152AE41D7AFDAD00E40150 /* TraktKit.h in Headers */ = {isa = PBXBuildFile; fileRef = 26152AE21D7AFDAD00E40150 /* TraktKit.h */; settings = {ATTRIBUTES = (Public, ); }; };
		261A57161E12865100D53957 /* TraktAuthTests.swift in Sources */ = {isa = PBXBuildFile; fileRef = 261A57151E12865100D53957 /* TraktAuthTests.swift */; };
		262B37621D7F2C4C00CFEDF9 /* ShowResource.swift in Sources */ = {isa = PBXBuildFile; fileRef = 262B37611D7F2C4C00CFEDF9 /* ShowResource.swift */; };
		262B37851D7F3E5000CFEDF9 /* SeasonResource.swift in Sources */ = {isa = PBXBuildFile; fileRef = 262B37841D7F3E5000CFEDF9 /* SeasonResource.swift */; };
		262B37871D7F3F3500CFEDF9 /* EpisodeResource.swift in Sources */ = {isa = PBXBuildFile; fileRef = 262B37861D7F3F3500CFEDF9 /* EpisodeResource.swift */; };
		262B37891D7F408500CFEDF9 /* UserRequest.swift in Sources */ = {isa = PBXBuildFile; fileRef = 262B37881D7F408500CFEDF9 /* UserRequest.swift */; };
		262B37911D7F421900CFEDF9 /* ListRequest.swift in Sources */ = {isa = PBXBuildFile; fileRef = 262B37901D7F421900CFEDF9 /* ListRequest.swift */; };
		262B37951D7F444200CFEDF9 /* ContentType.swift in Sources */ = {isa = PBXBuildFile; fileRef = 262B37941D7F444200CFEDF9 /* ContentType.swift */; };
		262B37971D7F4A9100CFEDF9 /* PeopleRequest.swift in Sources */ = {isa = PBXBuildFile; fileRef = 262B37961D7F4A9100CFEDF9 /* PeopleRequest.swift */; };
		262F5FC51F61C3640083CC5B /* Pagination.swift in Sources */ = {isa = PBXBuildFile; fileRef = 262F5FC41F61C3640083CC5B /* Pagination.swift */; };
		2636C2C31FD0628500911E10 /* show-seasons-episodes.json in Resources */ = {isa = PBXBuildFile; fileRef = 2636C2C21FD0628500911E10 /* show-seasons-episodes.json */; };
		263C63391FA62C730030B186 /* Configuration.swift in Sources */ = {isa = PBXBuildFile; fileRef = 263C63381FA62C730030B186 /* Configuration.swift */; };
		263C633E1FA638670030B186 /* Resource+Factory.swift in Sources */ = {isa = PBXBuildFile; fileRef = 263C633D1FA638670030B186 /* Resource+Factory.swift */; };
		263C63401FA6389E0030B186 /* Resource+Parameters.swift in Sources */ = {isa = PBXBuildFile; fileRef = 263C633F1FA6389E0030B186 /* Resource+Parameters.swift */; };
		263C63421FA638EB0030B186 /* Resource+Parse.swift in Sources */ = {isa = PBXBuildFile; fileRef = 263C63411FA638EB0030B186 /* Resource+Parse.swift */; };
		263C63441FA639850030B186 /* Resource+Path.swift in Sources */ = {isa = PBXBuildFile; fileRef = 263C63431FA639850030B186 /* Resource+Path.swift */; };
		263C63461FA63AFA0030B186 /* Resource+Request.swift in Sources */ = {isa = PBXBuildFile; fileRef = 263C63451FA63AFA0030B186 /* Resource+Request.swift */; };
		263C634A1FA63E400030B186 /* JSONDecoder+Trakt.swift in Sources */ = {isa = PBXBuildFile; fileRef = 263C63491FA63E400030B186 /* JSONDecoder+Trakt.swift */; };
		2652A8551FAA210400589E54 /* Show.swift in Sources */ = {isa = PBXBuildFile; fileRef = 2652A8541FAA210400589E54 /* Show.swift */; };
		2652A8571FAA226B00589E54 /* Ids.swift in Sources */ = {isa = PBXBuildFile; fileRef = 2652A8561FAA226B00589E54 /* Ids.swift */; };
		2652A8591FAA2DF300589E54 /* Show+Explore.swift in Sources */ = {isa = PBXBuildFile; fileRef = 2652A8581FAA2DF300589E54 /* Show+Explore.swift */; };
		2652A85F1FAA312F00589E54 /* shows-trending.json in Resources */ = {isa = PBXBuildFile; fileRef = 2652A85E1FAA312F00589E54 /* shows-trending.json */; };
		2655F25E1D7F1EB7002043BB /* TraktKit.framework in Frameworks */ = {isa = PBXBuildFile; fileRef = 26152ADF1D7AFDAD00E40150 /* TraktKit.framework */; };
		2655F2651D7F1EEE002043BB /* CredentialsTests.swift in Sources */ = {isa = PBXBuildFile; fileRef = 2655F2641D7F1EEE002043BB /* CredentialsTests.swift */; };
		2655F2671D7F1F6E002043BB /* TokenTests.swift in Sources */ = {isa = PBXBuildFile; fileRef = 2655F2661D7F1F6E002043BB /* TokenTests.swift */; };
		2655F2691D7F20D2002043BB /* KeychainTests.swift in Sources */ = {isa = PBXBuildFile; fileRef = 2655F2681D7F20D2002043BB /* KeychainTests.swift */; };
		2655F26E1D7F2460002043BB /* ExtendedTests.swift in Sources */ = {isa = PBXBuildFile; fileRef = 2655F26D1D7F2460002043BB /* ExtendedTests.swift */; };
		2655F2701D7F258B002043BB /* StatusCodeTests.swift in Sources */ = {isa = PBXBuildFile; fileRef = 2655F26F1D7F258B002043BB /* StatusCodeTests.swift */; };
		2655F2721D7F25CD002043BB /* ResultTests.swift in Sources */ = {isa = PBXBuildFile; fileRef = 2655F2711D7F25CD002043BB /* ResultTests.swift */; };
		265823E31D7C7CD70018F641 /* Keychain.swift in Sources */ = {isa = PBXBuildFile; fileRef = 265823E21D7C7CD70018F641 /* Keychain.swift */; };
		265823E51D7C854F0018F641 /* Result.swift in Sources */ = {isa = PBXBuildFile; fileRef = 265823E41D7C854F0018F641 /* Result.swift */; };
		265823E71D7C85900018F641 /* Resource.swift in Sources */ = {isa = PBXBuildFile; fileRef = 265823E61D7C85900018F641 /* Resource.swift */; };
		265823E91D7C8AEB0018F641 /* StatusCode.swift in Sources */ = {isa = PBXBuildFile; fileRef = 265823E81D7C8AEB0018F641 /* StatusCode.swift */; };
		265823EC1D7C9F7C0018F641 /* Trakt+Auth.swift in Sources */ = {isa = PBXBuildFile; fileRef = 265823EB1D7C9F7C0018F641 /* Trakt+Auth.swift */; };
		265823F01D7CA16C0018F641 /* Extended.swift in Sources */ = {isa = PBXBuildFile; fileRef = 265823EF1D7CA16C0018F641 /* Extended.swift */; };
		265C03771EBEF8200037E722 /* UserRequestTests.swift in Sources */ = {isa = PBXBuildFile; fileRef = 265C03761EBEF8200037E722 /* UserRequestTests.swift */; };
		265C03791EBEF9E30037E722 /* ListRequestTests.swift in Sources */ = {isa = PBXBuildFile; fileRef = 265C03781EBEF9E30037E722 /* ListRequestTests.swift */; };
		265C037B1EBEFBBF0037E722 /* ShowRequestTests.swift in Sources */ = {isa = PBXBuildFile; fileRef = 265C037A1EBEFBBF0037E722 /* ShowRequestTests.swift */; };
		265C037D1EBEFD960037E722 /* TraktSyncTests.swift in Sources */ = {isa = PBXBuildFile; fileRef = 265C037C1EBEFD960037E722 /* TraktSyncTests.swift */; };
		265C037F1EBEFEFB0037E722 /* TraktTests.swift in Sources */ = {isa = PBXBuildFile; fileRef = 265C037E1EBEFEFB0037E722 /* TraktTests.swift */; };
		265E9E4B1D7B00D500B51D5D /* Trakt.swift in Sources */ = {isa = PBXBuildFile; fileRef = 265E9E4A1D7B00D500B51D5D /* Trakt.swift */; };
		265E9E4D1D7B016300B51D5D /* Credentials.swift in Sources */ = {isa = PBXBuildFile; fileRef = 265E9E4C1D7B016300B51D5D /* Credentials.swift */; };
		265E9E4F1D7B019E00B51D5D /* Token.swift in Sources */ = {isa = PBXBuildFile; fileRef = 265E9E4E1D7B019E00B51D5D /* Token.swift */; };
		266488241FD16106009638B1 /* AppDelegate.swift in Sources */ = {isa = PBXBuildFile; fileRef = 266488231FD16106009638B1 /* AppDelegate.swift */; };
		2664882B1FD16106009638B1 /* Assets.xcassets in Resources */ = {isa = PBXBuildFile; fileRef = 2664882A1FD16106009638B1 /* Assets.xcassets */; };
		2664882E1FD16106009638B1 /* LaunchScreen.storyboard in Resources */ = {isa = PBXBuildFile; fileRef = 2664882C1FD16106009638B1 /* LaunchScreen.storyboard */; };
		26725E311FAE4D49004BAEFA /* shows-collected.json in Resources */ = {isa = PBXBuildFile; fileRef = 26725E301FAE4D49004BAEFA /* shows-collected.json */; };
		26725E331FAE4EDC004BAEFA /* show-summary.json in Resources */ = {isa = PBXBuildFile; fileRef = 26725E321FAE4EDC004BAEFA /* show-summary.json */; };
		26725E371FAE5110004BAEFA /* User.swift in Sources */ = {isa = PBXBuildFile; fileRef = 26725E361FAE5110004BAEFA /* User.swift */; };
		26725E391FAE5116004BAEFA /* Comment.swift in Sources */ = {isa = PBXBuildFile; fileRef = 26725E381FAE5116004BAEFA /* Comment.swift */; };
		26725E3B1FAE52A2004BAEFA /* Image.swift in Sources */ = {isa = PBXBuildFile; fileRef = 26725E3A1FAE52A2004BAEFA /* Image.swift */; };
		268DDD4D1FA9C58200A38A51 /* Helper.swift in Sources */ = {isa = PBXBuildFile; fileRef = 268DDD4C1FA9C58200A38A51 /* Helper.swift */; };
		268DDD4F1FA9C63000A38A51 /* get-token.json in Resources */ = {isa = PBXBuildFile; fileRef = 268DDD4E1FA9C63000A38A51 /* get-token.json */; };
		268DDD511FA9CAAA00A38A51 /* exchange-refresh-for-access-token.json in Resources */ = {isa = PBXBuildFile; fileRef = 268DDD501FA9CAAA00A38A51 /* exchange-refresh-for-access-token.json */; };
		2698407D1E15276B00F0807F /* Sync.swift in Sources */ = {isa = PBXBuildFile; fileRef = 2698407C1E15276B00F0807F /* Sync.swift */; };
		269F1F241F28FB95007C69C5 /* TraktDateFormatter.swift in Sources */ = {isa = PBXBuildFile; fileRef = 269F1F231F28FB95007C69C5 /* TraktDateFormatter.swift */; };
		26ADB81C1FA9E8EE00AF73B6 /* KeychainQuery.swift in Sources */ = {isa = PBXBuildFile; fileRef = 26ADB81B1FA9E8EE00AF73B6 /* KeychainQuery.swift */; };
		26AE740C1F2865CC00DA45C3 /* MovieResource.swift in Sources */ = {isa = PBXBuildFile; fileRef = 26AE740B1F2865CC00DA45C3 /* MovieResource.swift */; };
		26B43AC31E13BF9E00B8EB52 /* Privacy.swift in Sources */ = {isa = PBXBuildFile; fileRef = 26B43AC21E13BF9E00B8EB52 /* Privacy.swift */; };
		26B43AC51E13CA2200B8EB52 /* Period.swift in Sources */ = {isa = PBXBuildFile; fileRef = 26B43AC41E13CA2200B8EB52 /* Period.swift */; };
		26B43AC71E13CA3300B8EB52 /* ExploreType.swift in Sources */ = {isa = PBXBuildFile; fileRef = 26B43AC61E13CA3300B8EB52 /* ExploreType.swift */; };
		26B43AC91E13CA7900B8EB52 /* SearchType.swift in Sources */ = {isa = PBXBuildFile; fileRef = 26B43AC81E13CA7900B8EB52 /* SearchType.swift */; };
		26B43ACB1E13CAD700B8EB52 /* ListItemType.swift in Sources */ = {isa = PBXBuildFile; fileRef = 26B43ACA1E13CAD700B8EB52 /* ListItemType.swift */; };
		26B43ACE1E13CC0400B8EB52 /* ContentTypeTests.swift in Sources */ = {isa = PBXBuildFile; fileRef = 26B43ACD1E13CC0400B8EB52 /* ContentTypeTests.swift */; };
		26B43AD01E13CE8B00B8EB52 /* HelperTests.swift in Sources */ = {isa = PBXBuildFile; fileRef = 26B43ACF1E13CE8B00B8EB52 /* HelperTests.swift */; };
		26BE8C871E13F12B002EA673 /* ResourceTests.swift in Sources */ = {isa = PBXBuildFile; fileRef = 26BE8C861E13F12B002EA673 /* ResourceTests.swift */; };
		26BE8CBC1E140282002EA673 /* ExploreResource.swift in Sources */ = {isa = PBXBuildFile; fileRef = 26BE8CBB1E140282002EA673 /* ExploreResource.swift */; };
		26BE8CBE1E140484002EA673 /* AuthResource.swift in Sources */ = {isa = PBXBuildFile; fileRef = 26BE8CBD1E140484002EA673 /* AuthResource.swift */; };
		26BE8CC01E1407DD002EA673 /* Search.swift in Sources */ = {isa = PBXBuildFile; fileRef = 26BE8CBF1E1407DD002EA673 /* Search.swift */; };
		26C00EE21FCB25CC00DC839D /* TraktSeasonTests.swift in Sources */ = {isa = PBXBuildFile; fileRef = 26C00EE11FCB25CC00DC839D /* TraktSeasonTests.swift */; };
		26C00EE41FCB260A00DC839D /* show-seasons.json in Resources */ = {isa = PBXBuildFile; fileRef = 26C00EE31FCB260A00DC839D /* show-seasons.json */; };
		26DAB16B1FAEF88A001CE2A1 /* People.swift in Sources */ = {isa = PBXBuildFile; fileRef = 26DAB16A1FAEF88A001CE2A1 /* People.swift */; };
		26DAB16D1FAEF8AD001CE2A1 /* Person.swift in Sources */ = {isa = PBXBuildFile; fileRef = 26DAB16C1FAEF8AD001CE2A1 /* Person.swift */; };
		26DAB16F1FAEF918001CE2A1 /* Cast.swift in Sources */ = {isa = PBXBuildFile; fileRef = 26DAB16E1FAEF918001CE2A1 /* Cast.swift */; };
		26DAB1711FAEF958001CE2A1 /* Ratings.swift in Sources */ = {isa = PBXBuildFile; fileRef = 26DAB1701FAEF958001CE2A1 /* Ratings.swift */; };
		26DAB1731FAEFDEB001CE2A1 /* Stats.swift in Sources */ = {isa = PBXBuildFile; fileRef = 26DAB1721FAEFDEB001CE2A1 /* Stats.swift */; };
		26DAB1761FAF01F3001CE2A1 /* Season.swift in Sources */ = {isa = PBXBuildFile; fileRef = 26DAB1751FAF01F3001CE2A1 /* Season.swift */; };
		26DAB1781FAF02EB001CE2A1 /* Episode.swift in Sources */ = {isa = PBXBuildFile; fileRef = 26DAB1771FAF02EB001CE2A1 /* Episode.swift */; };
		26DEFDE71EBE01A500E83397 /* TraktError.swift in Sources */ = {isa = PBXBuildFile; fileRef = 26DEFDE61EBE01A500E83397 /* TraktError.swift */; };
		26DEFDE91EBE08F000E83397 /* Method.swift in Sources */ = {isa = PBXBuildFile; fileRef = 26DEFDE81EBE08F000E83397 /* Method.swift */; };
		26DEFDEB1EBE0C0800E83397 /* PeriodTests.swift in Sources */ = {isa = PBXBuildFile; fileRef = 26DEFDEA1EBE0C0800E83397 /* PeriodTests.swift */; };
		26DEFDED1EBE0E0400E83397 /* TraktErrorTests.swift in Sources */ = {isa = PBXBuildFile; fileRef = 26DEFDEC1EBE0E0400E83397 /* TraktErrorTests.swift */; };
		26DEFDF01EBE140F00E83397 /* FakeURLSession.swift in Sources */ = {isa = PBXBuildFile; fileRef = 26DEFDEF1EBE140F00E83397 /* FakeURLSession.swift */; };
		26DEFDF21EBE2B5A00E83397 /* TraktExploreTests.swift in Sources */ = {isa = PBXBuildFile; fileRef = 26DEFDF11EBE2B5A00E83397 /* TraktExploreTests.swift */; };
		26DEFDF51EBE308C00E83397 /* PeopleRequestTests.swift in Sources */ = {isa = PBXBuildFile; fileRef = 26DEFDF41EBE308C00E83397 /* PeopleRequestTests.swift */; };
		26DEFDF71EBE31C600E83397 /* TraktSearchTests.swift in Sources */ = {isa = PBXBuildFile; fileRef = 26DEFDF61EBE31C600E83397 /* TraktSearchTests.swift */; };
		26DEFDF91EBE332E00E83397 /* SeasonRequestTests.swift in Sources */ = {isa = PBXBuildFile; fileRef = 26DEFDF81EBE332E00E83397 /* SeasonRequestTests.swift */; };
		26DEFDFB1EBE343500E83397 /* EpisodeRequestTests.swift in Sources */ = {isa = PBXBuildFile; fileRef = 26DEFDFA1EBE343500E83397 /* EpisodeRequestTests.swift */; };
		26F187461FAA61B40003ABE2 /* shows-popular.json in Resources */ = {isa = PBXBuildFile; fileRef = 26F187451FAA61B40003ABE2 /* shows-popular.json */; };
		26F187481FAA62D30003ABE2 /* shows-played.json in Resources */ = {isa = PBXBuildFile; fileRef = 26F187471FAA62D30003ABE2 /* shows-played.json */; };
		26F1874A1FAA64020003ABE2 /* shows-anticipated.json in Resources */ = {isa = PBXBuildFile; fileRef = 26F187491FAA64020003ABE2 /* shows-anticipated.json */; };
		26F1874C1FAA67230003ABE2 /* shows-watched.json in Resources */ = {isa = PBXBuildFile; fileRef = 26F1874B1FAA67230003ABE2 /* shows-watched.json */; };
		26F90FB21D9844CC0087A733 /* Helper.swift in Sources */ = {isa = PBXBuildFile; fileRef = 26F90FB11D9844CC0087A733 /* Helper.swift */; };
/* End PBXBuildFile section */

/* Begin PBXContainerItemProxy section */
		2655F25F1D7F1EB7002043BB /* PBXContainerItemProxy */ = {
			isa = PBXContainerItemProxy;
			containerPortal = 26152AD61D7AFDAC00E40150 /* Project object */;
			proxyType = 1;
			remoteGlobalIDString = 26152ADE1D7AFDAC00E40150;
			remoteInfo = TraktKit;
		};
		266488341FD16142009638B1 /* PBXContainerItemProxy */ = {
			isa = PBXContainerItemProxy;
			containerPortal = 26152AD61D7AFDAC00E40150 /* Project object */;
			proxyType = 1;
			remoteGlobalIDString = 266488201FD16106009638B1;
			remoteInfo = TestsHost;
		};
/* End PBXContainerItemProxy section */

/* Begin PBXFileReference section */
		260E5DB01FAF406600A1E064 /* TraktShowTests.swift */ = {isa = PBXFileReference; lastKnownFileType = sourcecode.swift; path = TraktShowTests.swift; sourceTree = "<group>"; };
		260E5DB21FAF421200A1E064 /* show-comments.json */ = {isa = PBXFileReference; lastKnownFileType = text.json; path = "show-comments.json"; sourceTree = "<group>"; };
		260E5DB41FAF445500A1E064 /* show-people.json */ = {isa = PBXFileReference; lastKnownFileType = text.json; path = "show-people.json"; sourceTree = "<group>"; };
		260E5DB61FAF474800A1E064 /* show-rating.json */ = {isa = PBXFileReference; lastKnownFileType = text.json; path = "show-rating.json"; sourceTree = "<group>"; };
		260E5DB81FAF493400A1E064 /* show-related.json */ = {isa = PBXFileReference; lastKnownFileType = text.json; path = "show-related.json"; sourceTree = "<group>"; };
		260E5DBA1FAF49C900A1E064 /* show-stats.json */ = {isa = PBXFileReference; lastKnownFileType = text.json; path = "show-stats.json"; sourceTree = "<group>"; };
		260E5DBC1FAF4A4900A1E064 /* show-watching.json */ = {isa = PBXFileReference; lastKnownFileType = text.json; path = "show-watching.json"; sourceTree = "<group>"; };
		26152ADF1D7AFDAD00E40150 /* TraktKit.framework */ = {isa = PBXFileReference; explicitFileType = wrapper.framework; includeInIndex = 0; path = TraktKit.framework; sourceTree = BUILT_PRODUCTS_DIR; };
		26152AE21D7AFDAD00E40150 /* TraktKit.h */ = {isa = PBXFileReference; lastKnownFileType = sourcecode.c.h; path = TraktKit.h; sourceTree = "<group>"; };
		26152AE31D7AFDAD00E40150 /* Info.plist */ = {isa = PBXFileReference; lastKnownFileType = text.plist.xml; path = Info.plist; sourceTree = "<group>"; };
		261A57151E12865100D53957 /* TraktAuthTests.swift */ = {isa = PBXFileReference; fileEncoding = 4; lastKnownFileType = sourcecode.swift; path = TraktAuthTests.swift; sourceTree = "<group>"; };
		262B37611D7F2C4C00CFEDF9 /* ShowResource.swift */ = {isa = PBXFileReference; fileEncoding = 4; lastKnownFileType = sourcecode.swift; path = ShowResource.swift; sourceTree = "<group>"; };
		262B37841D7F3E5000CFEDF9 /* SeasonResource.swift */ = {isa = PBXFileReference; fileEncoding = 4; lastKnownFileType = sourcecode.swift; path = SeasonResource.swift; sourceTree = "<group>"; };
		262B37861D7F3F3500CFEDF9 /* EpisodeResource.swift */ = {isa = PBXFileReference; fileEncoding = 4; lastKnownFileType = sourcecode.swift; path = EpisodeResource.swift; sourceTree = "<group>"; };
		262B37881D7F408500CFEDF9 /* UserRequest.swift */ = {isa = PBXFileReference; fileEncoding = 4; lastKnownFileType = sourcecode.swift; path = UserRequest.swift; sourceTree = "<group>"; };
		262B37901D7F421900CFEDF9 /* ListRequest.swift */ = {isa = PBXFileReference; fileEncoding = 4; lastKnownFileType = sourcecode.swift; path = ListRequest.swift; sourceTree = "<group>"; };
		262B37941D7F444200CFEDF9 /* ContentType.swift */ = {isa = PBXFileReference; fileEncoding = 4; lastKnownFileType = sourcecode.swift; path = ContentType.swift; sourceTree = "<group>"; };
		262B37961D7F4A9100CFEDF9 /* PeopleRequest.swift */ = {isa = PBXFileReference; fileEncoding = 4; lastKnownFileType = sourcecode.swift; path = PeopleRequest.swift; sourceTree = "<group>"; };
		262F5FC41F61C3640083CC5B /* Pagination.swift */ = {isa = PBXFileReference; lastKnownFileType = sourcecode.swift; path = Pagination.swift; sourceTree = "<group>"; };
		2636C2C21FD0628500911E10 /* show-seasons-episodes.json */ = {isa = PBXFileReference; lastKnownFileType = text.json; path = "show-seasons-episodes.json"; sourceTree = "<group>"; };
		263C63381FA62C730030B186 /* Configuration.swift */ = {isa = PBXFileReference; lastKnownFileType = sourcecode.swift; path = Configuration.swift; sourceTree = "<group>"; };
		263C633D1FA638670030B186 /* Resource+Factory.swift */ = {isa = PBXFileReference; lastKnownFileType = sourcecode.swift; path = "Resource+Factory.swift"; sourceTree = "<group>"; };
		263C633F1FA6389E0030B186 /* Resource+Parameters.swift */ = {isa = PBXFileReference; lastKnownFileType = sourcecode.swift; path = "Resource+Parameters.swift"; sourceTree = "<group>"; };
		263C63411FA638EB0030B186 /* Resource+Parse.swift */ = {isa = PBXFileReference; lastKnownFileType = sourcecode.swift; path = "Resource+Parse.swift"; sourceTree = "<group>"; };
		263C63431FA639850030B186 /* Resource+Path.swift */ = {isa = PBXFileReference; lastKnownFileType = sourcecode.swift; path = "Resource+Path.swift"; sourceTree = "<group>"; };
		263C63451FA63AFA0030B186 /* Resource+Request.swift */ = {isa = PBXFileReference; lastKnownFileType = sourcecode.swift; path = "Resource+Request.swift"; sourceTree = "<group>"; };
		263C63491FA63E400030B186 /* JSONDecoder+Trakt.swift */ = {isa = PBXFileReference; lastKnownFileType = sourcecode.swift; path = "JSONDecoder+Trakt.swift"; sourceTree = "<group>"; };
		2652A8541FAA210400589E54 /* Show.swift */ = {isa = PBXFileReference; lastKnownFileType = sourcecode.swift; path = Show.swift; sourceTree = "<group>"; };
		2652A8561FAA226B00589E54 /* Ids.swift */ = {isa = PBXFileReference; lastKnownFileType = sourcecode.swift; path = Ids.swift; sourceTree = "<group>"; };
		2652A8581FAA2DF300589E54 /* Show+Explore.swift */ = {isa = PBXFileReference; lastKnownFileType = sourcecode.swift; path = "Show+Explore.swift"; sourceTree = "<group>"; };
		2652A85E1FAA312F00589E54 /* shows-trending.json */ = {isa = PBXFileReference; lastKnownFileType = text.json; path = "shows-trending.json"; sourceTree = "<group>"; };
		2655F2591D7F1EB7002043BB /* TraktKitTests.xctest */ = {isa = PBXFileReference; explicitFileType = wrapper.cfbundle; includeInIndex = 0; path = TraktKitTests.xctest; sourceTree = BUILT_PRODUCTS_DIR; };
		2655F25D1D7F1EB7002043BB /* Info.plist */ = {isa = PBXFileReference; lastKnownFileType = text.plist.xml; path = Info.plist; sourceTree = "<group>"; };
		2655F2641D7F1EEE002043BB /* CredentialsTests.swift */ = {isa = PBXFileReference; fileEncoding = 4; lastKnownFileType = sourcecode.swift; path = CredentialsTests.swift; sourceTree = "<group>"; };
		2655F2661D7F1F6E002043BB /* TokenTests.swift */ = {isa = PBXFileReference; fileEncoding = 4; lastKnownFileType = sourcecode.swift; path = TokenTests.swift; sourceTree = "<group>"; };
		2655F2681D7F20D2002043BB /* KeychainTests.swift */ = {isa = PBXFileReference; fileEncoding = 4; lastKnownFileType = sourcecode.swift; path = KeychainTests.swift; sourceTree = "<group>"; };
		2655F26D1D7F2460002043BB /* ExtendedTests.swift */ = {isa = PBXFileReference; fileEncoding = 4; lastKnownFileType = sourcecode.swift; path = ExtendedTests.swift; sourceTree = "<group>"; };
		2655F26F1D7F258B002043BB /* StatusCodeTests.swift */ = {isa = PBXFileReference; fileEncoding = 4; lastKnownFileType = sourcecode.swift; path = StatusCodeTests.swift; sourceTree = "<group>"; };
		2655F2711D7F25CD002043BB /* ResultTests.swift */ = {isa = PBXFileReference; fileEncoding = 4; lastKnownFileType = sourcecode.swift; path = ResultTests.swift; sourceTree = "<group>"; };
		265823E21D7C7CD70018F641 /* Keychain.swift */ = {isa = PBXFileReference; fileEncoding = 4; lastKnownFileType = sourcecode.swift; path = Keychain.swift; sourceTree = "<group>"; };
		265823E41D7C854F0018F641 /* Result.swift */ = {isa = PBXFileReference; fileEncoding = 4; lastKnownFileType = sourcecode.swift; path = Result.swift; sourceTree = "<group>"; };
		265823E61D7C85900018F641 /* Resource.swift */ = {isa = PBXFileReference; fileEncoding = 4; lastKnownFileType = sourcecode.swift; path = Resource.swift; sourceTree = "<group>"; };
		265823E81D7C8AEB0018F641 /* StatusCode.swift */ = {isa = PBXFileReference; fileEncoding = 4; lastKnownFileType = sourcecode.swift; path = StatusCode.swift; sourceTree = "<group>"; };
		265823EB1D7C9F7C0018F641 /* Trakt+Auth.swift */ = {isa = PBXFileReference; fileEncoding = 4; lastKnownFileType = sourcecode.swift; path = "Trakt+Auth.swift"; sourceTree = "<group>"; };
		265823EF1D7CA16C0018F641 /* Extended.swift */ = {isa = PBXFileReference; fileEncoding = 4; lastKnownFileType = sourcecode.swift; path = Extended.swift; sourceTree = "<group>"; };
		265C03761EBEF8200037E722 /* UserRequestTests.swift */ = {isa = PBXFileReference; fileEncoding = 4; lastKnownFileType = sourcecode.swift; path = UserRequestTests.swift; sourceTree = "<group>"; };
		265C03781EBEF9E30037E722 /* ListRequestTests.swift */ = {isa = PBXFileReference; fileEncoding = 4; lastKnownFileType = sourcecode.swift; path = ListRequestTests.swift; sourceTree = "<group>"; };
		265C037A1EBEFBBF0037E722 /* ShowRequestTests.swift */ = {isa = PBXFileReference; fileEncoding = 4; lastKnownFileType = sourcecode.swift; path = ShowRequestTests.swift; sourceTree = "<group>"; };
		265C037C1EBEFD960037E722 /* TraktSyncTests.swift */ = {isa = PBXFileReference; fileEncoding = 4; lastKnownFileType = sourcecode.swift; path = TraktSyncTests.swift; sourceTree = "<group>"; };
		265C037E1EBEFEFB0037E722 /* TraktTests.swift */ = {isa = PBXFileReference; fileEncoding = 4; lastKnownFileType = sourcecode.swift; path = TraktTests.swift; sourceTree = "<group>"; };
		265E9E4A1D7B00D500B51D5D /* Trakt.swift */ = {isa = PBXFileReference; fileEncoding = 4; lastKnownFileType = sourcecode.swift; path = Trakt.swift; sourceTree = "<group>"; };
		265E9E4C1D7B016300B51D5D /* Credentials.swift */ = {isa = PBXFileReference; fileEncoding = 4; lastKnownFileType = sourcecode.swift; path = Credentials.swift; sourceTree = "<group>"; };
		265E9E4E1D7B019E00B51D5D /* Token.swift */ = {isa = PBXFileReference; fileEncoding = 4; lastKnownFileType = sourcecode.swift; path = Token.swift; sourceTree = "<group>"; };
		266488211FD16106009638B1 /* TestsHost.app */ = {isa = PBXFileReference; explicitFileType = wrapper.application; includeInIndex = 0; path = TestsHost.app; sourceTree = BUILT_PRODUCTS_DIR; };
		266488231FD16106009638B1 /* AppDelegate.swift */ = {isa = PBXFileReference; lastKnownFileType = sourcecode.swift; path = AppDelegate.swift; sourceTree = "<group>"; };
		2664882A1FD16106009638B1 /* Assets.xcassets */ = {isa = PBXFileReference; lastKnownFileType = folder.assetcatalog; path = Assets.xcassets; sourceTree = "<group>"; };
		2664882D1FD16106009638B1 /* Base */ = {isa = PBXFileReference; lastKnownFileType = file.storyboard; name = Base; path = Base.lproj/LaunchScreen.storyboard; sourceTree = "<group>"; };
		2664882F1FD16106009638B1 /* Info.plist */ = {isa = PBXFileReference; lastKnownFileType = text.plist.xml; path = Info.plist; sourceTree = "<group>"; };
		26725E301FAE4D49004BAEFA /* shows-collected.json */ = {isa = PBXFileReference; lastKnownFileType = text.json; path = "shows-collected.json"; sourceTree = "<group>"; };
		26725E321FAE4EDC004BAEFA /* show-summary.json */ = {isa = PBXFileReference; lastKnownFileType = text.json; path = "show-summary.json"; sourceTree = "<group>"; };
		26725E361FAE5110004BAEFA /* User.swift */ = {isa = PBXFileReference; lastKnownFileType = sourcecode.swift; path = User.swift; sourceTree = "<group>"; };
		26725E381FAE5116004BAEFA /* Comment.swift */ = {isa = PBXFileReference; lastKnownFileType = sourcecode.swift; path = Comment.swift; sourceTree = "<group>"; };
		26725E3A1FAE52A2004BAEFA /* Image.swift */ = {isa = PBXFileReference; lastKnownFileType = sourcecode.swift; path = Image.swift; sourceTree = "<group>"; };
		26795DD91FD14B25007FBD43 /* TestsHost.app */ = {isa = PBXFileReference; explicitFileType = wrapper.application; includeInIndex = 0; path = TestsHost.app; sourceTree = BUILT_PRODUCTS_DIR; };
		268DDD4C1FA9C58200A38A51 /* Helper.swift */ = {isa = PBXFileReference; lastKnownFileType = sourcecode.swift; path = Helper.swift; sourceTree = "<group>"; };
		268DDD4E1FA9C63000A38A51 /* get-token.json */ = {isa = PBXFileReference; fileEncoding = 4; lastKnownFileType = text.json; path = "get-token.json"; sourceTree = "<group>"; };
		268DDD501FA9CAAA00A38A51 /* exchange-refresh-for-access-token.json */ = {isa = PBXFileReference; fileEncoding = 4; lastKnownFileType = text.json; path = "exchange-refresh-for-access-token.json"; sourceTree = "<group>"; };
		2698407C1E15276B00F0807F /* Sync.swift */ = {isa = PBXFileReference; fileEncoding = 4; lastKnownFileType = sourcecode.swift; path = Sync.swift; sourceTree = "<group>"; };
		269F1F231F28FB95007C69C5 /* TraktDateFormatter.swift */ = {isa = PBXFileReference; lastKnownFileType = sourcecode.swift; path = TraktDateFormatter.swift; sourceTree = "<group>"; };
		26ADB81B1FA9E8EE00AF73B6 /* KeychainQuery.swift */ = {isa = PBXFileReference; lastKnownFileType = sourcecode.swift; path = KeychainQuery.swift; sourceTree = "<group>"; };
		26AE740B1F2865CC00DA45C3 /* MovieResource.swift */ = {isa = PBXFileReference; lastKnownFileType = sourcecode.swift; path = MovieResource.swift; sourceTree = "<group>"; };
		26B43AC21E13BF9E00B8EB52 /* Privacy.swift */ = {isa = PBXFileReference; fileEncoding = 4; lastKnownFileType = sourcecode.swift; path = Privacy.swift; sourceTree = "<group>"; };
		26B43AC41E13CA2200B8EB52 /* Period.swift */ = {isa = PBXFileReference; fileEncoding = 4; lastKnownFileType = sourcecode.swift; path = Period.swift; sourceTree = "<group>"; };
		26B43AC61E13CA3300B8EB52 /* ExploreType.swift */ = {isa = PBXFileReference; fileEncoding = 4; lastKnownFileType = sourcecode.swift; path = ExploreType.swift; sourceTree = "<group>"; };
		26B43AC81E13CA7900B8EB52 /* SearchType.swift */ = {isa = PBXFileReference; fileEncoding = 4; lastKnownFileType = sourcecode.swift; path = SearchType.swift; sourceTree = "<group>"; };
		26B43ACA1E13CAD700B8EB52 /* ListItemType.swift */ = {isa = PBXFileReference; fileEncoding = 4; lastKnownFileType = sourcecode.swift; path = ListItemType.swift; sourceTree = "<group>"; };
		26B43ACD1E13CC0400B8EB52 /* ContentTypeTests.swift */ = {isa = PBXFileReference; fileEncoding = 4; lastKnownFileType = sourcecode.swift; path = ContentTypeTests.swift; sourceTree = "<group>"; };
		26B43ACF1E13CE8B00B8EB52 /* HelperTests.swift */ = {isa = PBXFileReference; fileEncoding = 4; lastKnownFileType = sourcecode.swift; path = HelperTests.swift; sourceTree = "<group>"; };
		26BE8C861E13F12B002EA673 /* ResourceTests.swift */ = {isa = PBXFileReference; fileEncoding = 4; lastKnownFileType = sourcecode.swift; path = ResourceTests.swift; sourceTree = "<group>"; };
		26BE8CBB1E140282002EA673 /* ExploreResource.swift */ = {isa = PBXFileReference; fileEncoding = 4; lastKnownFileType = sourcecode.swift; path = ExploreResource.swift; sourceTree = "<group>"; };
		26BE8CBD1E140484002EA673 /* AuthResource.swift */ = {isa = PBXFileReference; fileEncoding = 4; lastKnownFileType = sourcecode.swift; path = AuthResource.swift; sourceTree = "<group>"; };
		26BE8CBF1E1407DD002EA673 /* Search.swift */ = {isa = PBXFileReference; fileEncoding = 4; lastKnownFileType = sourcecode.swift; path = Search.swift; sourceTree = "<group>"; };
		26C00EE11FCB25CC00DC839D /* TraktSeasonTests.swift */ = {isa = PBXFileReference; lastKnownFileType = sourcecode.swift; path = TraktSeasonTests.swift; sourceTree = "<group>"; };
		26C00EE31FCB260A00DC839D /* show-seasons.json */ = {isa = PBXFileReference; lastKnownFileType = text.json; path = "show-seasons.json"; sourceTree = "<group>"; };
		26DAB16A1FAEF88A001CE2A1 /* People.swift */ = {isa = PBXFileReference; lastKnownFileType = sourcecode.swift; path = People.swift; sourceTree = "<group>"; };
		26DAB16C1FAEF8AD001CE2A1 /* Person.swift */ = {isa = PBXFileReference; lastKnownFileType = sourcecode.swift; path = Person.swift; sourceTree = "<group>"; };
		26DAB16E1FAEF918001CE2A1 /* Cast.swift */ = {isa = PBXFileReference; lastKnownFileType = sourcecode.swift; path = Cast.swift; sourceTree = "<group>"; };
		26DAB1701FAEF958001CE2A1 /* Ratings.swift */ = {isa = PBXFileReference; lastKnownFileType = sourcecode.swift; path = Ratings.swift; sourceTree = "<group>"; };
		26DAB1721FAEFDEB001CE2A1 /* Stats.swift */ = {isa = PBXFileReference; lastKnownFileType = sourcecode.swift; path = Stats.swift; sourceTree = "<group>"; };
		26DAB1751FAF01F3001CE2A1 /* Season.swift */ = {isa = PBXFileReference; lastKnownFileType = sourcecode.swift; path = Season.swift; sourceTree = "<group>"; };
		26DAB1771FAF02EB001CE2A1 /* Episode.swift */ = {isa = PBXFileReference; lastKnownFileType = sourcecode.swift; path = Episode.swift; sourceTree = "<group>"; };
		26DEFDE61EBE01A500E83397 /* TraktError.swift */ = {isa = PBXFileReference; fileEncoding = 4; lastKnownFileType = sourcecode.swift; path = TraktError.swift; sourceTree = "<group>"; };
		26DEFDE81EBE08F000E83397 /* Method.swift */ = {isa = PBXFileReference; fileEncoding = 4; lastKnownFileType = sourcecode.swift; path = Method.swift; sourceTree = "<group>"; };
		26DEFDEA1EBE0C0800E83397 /* PeriodTests.swift */ = {isa = PBXFileReference; fileEncoding = 4; lastKnownFileType = sourcecode.swift; path = PeriodTests.swift; sourceTree = "<group>"; };
		26DEFDEC1EBE0E0400E83397 /* TraktErrorTests.swift */ = {isa = PBXFileReference; fileEncoding = 4; lastKnownFileType = sourcecode.swift; path = TraktErrorTests.swift; sourceTree = "<group>"; };
		26DEFDEF1EBE140F00E83397 /* FakeURLSession.swift */ = {isa = PBXFileReference; fileEncoding = 4; lastKnownFileType = sourcecode.swift; path = FakeURLSession.swift; sourceTree = "<group>"; };
		26DEFDF11EBE2B5A00E83397 /* TraktExploreTests.swift */ = {isa = PBXFileReference; fileEncoding = 4; lastKnownFileType = sourcecode.swift; path = TraktExploreTests.swift; sourceTree = "<group>"; };
		26DEFDF41EBE308C00E83397 /* PeopleRequestTests.swift */ = {isa = PBXFileReference; fileEncoding = 4; lastKnownFileType = sourcecode.swift; path = PeopleRequestTests.swift; sourceTree = "<group>"; };
		26DEFDF61EBE31C600E83397 /* TraktSearchTests.swift */ = {isa = PBXFileReference; fileEncoding = 4; lastKnownFileType = sourcecode.swift; path = TraktSearchTests.swift; sourceTree = "<group>"; };
		26DEFDF81EBE332E00E83397 /* SeasonRequestTests.swift */ = {isa = PBXFileReference; fileEncoding = 4; lastKnownFileType = sourcecode.swift; path = SeasonRequestTests.swift; sourceTree = "<group>"; };
		26DEFDFA1EBE343500E83397 /* EpisodeRequestTests.swift */ = {isa = PBXFileReference; fileEncoding = 4; lastKnownFileType = sourcecode.swift; path = EpisodeRequestTests.swift; sourceTree = "<group>"; };
		26F187451FAA61B40003ABE2 /* shows-popular.json */ = {isa = PBXFileReference; lastKnownFileType = text.json; path = "shows-popular.json"; sourceTree = "<group>"; };
		26F187471FAA62D30003ABE2 /* shows-played.json */ = {isa = PBXFileReference; lastKnownFileType = text.json; path = "shows-played.json"; sourceTree = "<group>"; };
		26F187491FAA64020003ABE2 /* shows-anticipated.json */ = {isa = PBXFileReference; lastKnownFileType = text.json; path = "shows-anticipated.json"; sourceTree = "<group>"; };
		26F1874B1FAA67230003ABE2 /* shows-watched.json */ = {isa = PBXFileReference; lastKnownFileType = text.json; path = "shows-watched.json"; sourceTree = "<group>"; };
		26F90FB11D9844CC0087A733 /* Helper.swift */ = {isa = PBXFileReference; fileEncoding = 4; lastKnownFileType = sourcecode.swift; path = Helper.swift; sourceTree = "<group>"; };
/* End PBXFileReference section */

/* Begin PBXFrameworksBuildPhase section */
		26152ADB1D7AFDAC00E40150 /* Frameworks */ = {
			isa = PBXFrameworksBuildPhase;
			buildActionMask = 2147483647;
			files = (
			);
			runOnlyForDeploymentPostprocessing = 0;
		};
		2655F2561D7F1EB7002043BB /* Frameworks */ = {
			isa = PBXFrameworksBuildPhase;
			buildActionMask = 2147483647;
			files = (
				2655F25E1D7F1EB7002043BB /* TraktKit.framework in Frameworks */,
			);
			runOnlyForDeploymentPostprocessing = 0;
		};
		2664881E1FD16106009638B1 /* Frameworks */ = {
			isa = PBXFrameworksBuildPhase;
			buildActionMask = 2147483647;
			files = (
			);
			runOnlyForDeploymentPostprocessing = 0;
		};
/* End PBXFrameworksBuildPhase section */

/* Begin PBXGroup section */
		26152AD51D7AFDAC00E40150 = {
			isa = PBXGroup;
			children = (
				26152AE11D7AFDAD00E40150 /* TraktKit */,
				2655F25A1D7F1EB7002043BB /* TraktKitTests */,
				266488221FD16106009638B1 /* TestsHost */,
				26152AE01D7AFDAD00E40150 /* Products */,
			);
			sourceTree = "<group>";
		};
		26152AE01D7AFDAD00E40150 /* Products */ = {
			isa = PBXGroup;
			children = (
				26152ADF1D7AFDAD00E40150 /* TraktKit.framework */,
				2655F2591D7F1EB7002043BB /* TraktKitTests.xctest */,
				26795DD91FD14B25007FBD43 /* TestsHost.app */,
				266488211FD16106009638B1 /* TestsHost.app */,
			);
			name = Products;
			sourceTree = "<group>";
		};
		26152AE11D7AFDAD00E40150 /* TraktKit */ = {
			isa = PBXGroup;
			children = (
				26AE740E1F2865E700DA45C3 /* Sources */,
				26AE74131F28666400DA45C3 /* Support */,
			);
			path = TraktKit;
			sourceTree = "<group>";
		};
		263C633C1FA638150030B186 /* Generic */ = {
			isa = PBXGroup;
			children = (
				265823E61D7C85900018F641 /* Resource.swift */,
				263C633D1FA638670030B186 /* Resource+Factory.swift */,
				263C63451FA63AFA0030B186 /* Resource+Request.swift */,
				263C63411FA638EB0030B186 /* Resource+Parse.swift */,
				263C633F1FA6389E0030B186 /* Resource+Parameters.swift */,
				263C63431FA639850030B186 /* Resource+Path.swift */,
			);
			path = Generic;
			sourceTree = "<group>";
		};
		263C63471FA63E300030B186 /* Extensions */ = {
			isa = PBXGroup;
			children = (
				263C63491FA63E400030B186 /* JSONDecoder+Trakt.swift */,
			);
			path = Extensions;
			sourceTree = "<group>";
		};
		263C634E1FA646B00030B186 /* Resources */ = {
			isa = PBXGroup;
			children = (
				26BE8CBD1E140484002EA673 /* AuthResource.swift */,
				262B37861D7F3F3500CFEDF9 /* EpisodeResource.swift */,
				26BE8CBB1E140282002EA673 /* ExploreResource.swift */,
				262B37841D7F3E5000CFEDF9 /* SeasonResource.swift */,
				262B37611D7F2C4C00CFEDF9 /* ShowResource.swift */,
			);
			path = Resources;
			sourceTree = "<group>";
		};
		2655F25A1D7F1EB7002043BB /* TraktKitTests */ = {
			isa = PBXGroup;
			children = (
				265C037E1EBEFEFB0037E722 /* TraktTests.swift */,
				261A57151E12865100D53957 /* TraktAuthTests.swift */,
				26DEFDF11EBE2B5A00E83397 /* TraktExploreTests.swift */,
				260E5DB01FAF406600A1E064 /* TraktShowTests.swift */,
				26C00EE11FCB25CC00DC839D /* TraktSeasonTests.swift */,
				26DEFDF61EBE31C600E83397 /* TraktSearchTests.swift */,
				265C037C1EBEFD960037E722 /* TraktSyncTests.swift */,
				268DDD4B1FA9C50100A38A51 /* JSON */,
				26DEFDF31EBE304100E83397 /* Requests */,
				2655F26A1D7F214E002043BB /* Auth */,
				2655F26C1D7F2450002043BB /* Components */,
				26DEFDEE1EBE138A00E83397 /* Helper */,
				26B43ACC1E13CBF800B8EB52 /* Model */,
				2655F26B1D7F2153002043BB /* Supporting Files */,
			);
			path = TraktKitTests;
			sourceTree = "<group>";
		};
		2655F26A1D7F214E002043BB /* Auth */ = {
			isa = PBXGroup;
			children = (
				2655F2641D7F1EEE002043BB /* CredentialsTests.swift */,
				2655F2681D7F20D2002043BB /* KeychainTests.swift */,
				2655F2661D7F1F6E002043BB /* TokenTests.swift */,
			);
			name = Auth;
			sourceTree = "<group>";
		};
		2655F26B1D7F2153002043BB /* Supporting Files */ = {
			isa = PBXGroup;
			children = (
				2655F25D1D7F1EB7002043BB /* Info.plist */,
			);
			name = "Supporting Files";
			sourceTree = "<group>";
		};
		2655F26C1D7F2450002043BB /* Components */ = {
			isa = PBXGroup;
			children = (
				2655F26D1D7F2460002043BB /* ExtendedTests.swift */,
				26B43ACF1E13CE8B00B8EB52 /* HelperTests.swift */,
				26BE8C861E13F12B002EA673 /* ResourceTests.swift */,
				2655F2711D7F25CD002043BB /* ResultTests.swift */,
				2655F26F1D7F258B002043BB /* StatusCodeTests.swift */,
				26DEFDEC1EBE0E0400E83397 /* TraktErrorTests.swift */,
			);
			name = Components;
			sourceTree = "<group>";
		};
		266488221FD16106009638B1 /* TestsHost */ = {
			isa = PBXGroup;
			children = (
				266488231FD16106009638B1 /* AppDelegate.swift */,
				266488331FD16114009638B1 /* Support */,
			);
			path = TestsHost;
			sourceTree = "<group>";
		};
		266488331FD16114009638B1 /* Support */ = {
			isa = PBXGroup;
			children = (
				2664882A1FD16106009638B1 /* Assets.xcassets */,
				2664882C1FD16106009638B1 /* LaunchScreen.storyboard */,
				2664882F1FD16106009638B1 /* Info.plist */,
			);
			path = Support;
			sourceTree = "<group>";
		};
		268DDD4B1FA9C50100A38A51 /* JSON */ = {
			isa = PBXGroup;
			children = (
				268DDD501FA9CAAA00A38A51 /* exchange-refresh-for-access-token.json */,
				268DDD4E1FA9C63000A38A51 /* get-token.json */,
				2652A85E1FAA312F00589E54 /* shows-trending.json */,
				26F187451FAA61B40003ABE2 /* shows-popular.json */,
				26F187471FAA62D30003ABE2 /* shows-played.json */,
				26F187491FAA64020003ABE2 /* shows-anticipated.json */,
				26F1874B1FAA67230003ABE2 /* shows-watched.json */,
				26725E301FAE4D49004BAEFA /* shows-collected.json */,
				26725E321FAE4EDC004BAEFA /* show-summary.json */,
				260E5DB21FAF421200A1E064 /* show-comments.json */,
				260E5DB41FAF445500A1E064 /* show-people.json */,
				260E5DB61FAF474800A1E064 /* show-rating.json */,
				260E5DB81FAF493400A1E064 /* show-related.json */,
				260E5DBA1FAF49C900A1E064 /* show-stats.json */,
				260E5DBC1FAF4A4900A1E064 /* show-watching.json */,
				26C00EE31FCB260A00DC839D /* show-seasons.json */,
				2636C2C21FD0628500911E10 /* show-seasons-episodes.json */,
			);
			path = JSON;
			sourceTree = "<group>";
		};
		26ADB81A1FA9E85B00AF73B6 /* Keychain */ = {
			isa = PBXGroup;
			children = (
				265823E21D7C7CD70018F641 /* Keychain.swift */,
				26ADB81B1FA9E8EE00AF73B6 /* KeychainQuery.swift */,
			);
			path = Keychain;
			sourceTree = "<group>";
		};
		26AE740E1F2865E700DA45C3 /* Sources */ = {
			isa = PBXGroup;
			children = (
				265E9E4A1D7B00D500B51D5D /* Trakt.swift */,
				265823EB1D7C9F7C0018F641 /* Trakt+Auth.swift */,
				263C63381FA62C730030B186 /* Configuration.swift */,
				265E9E4C1D7B016300B51D5D /* Credentials.swift */,
				262B37941D7F444200CFEDF9 /* ContentType.swift */,
				26B43AC61E13CA3300B8EB52 /* ExploreType.swift */,
				26B43ACA1E13CAD700B8EB52 /* ListItemType.swift */,
				26B43AC41E13CA2200B8EB52 /* Period.swift */,
				26B43AC21E13BF9E00B8EB52 /* Privacy.swift */,
				26B43AC81E13CA7900B8EB52 /* SearchType.swift */,
				262F5FC41F61C3640083CC5B /* Pagination.swift */,
				263C634E1FA646B00030B186 /* Resources */,
				26AE74101F28660800DA45C3 /* Model */,
				26ADB81A1FA9E85B00AF73B6 /* Keychain */,
				263C63471FA63E300030B186 /* Extensions */,
				263C633C1FA638150030B186 /* Generic */,
				26AE74121F28662800DA45C3 /* Components */,
				26AE740F1F2865FA00DA45C3 /* Resources-old */,
			);
			path = Sources;
			sourceTree = "<group>";
		};
		26AE740F1F2865FA00DA45C3 /* Resources-old */ = {
			isa = PBXGroup;
			children = (
				262B37901D7F421900CFEDF9 /* ListRequest.swift */,
				26DEFDE81EBE08F000E83397 /* Method.swift */,
				26AE740B1F2865CC00DA45C3 /* MovieResource.swift */,
				262B37961D7F4A9100CFEDF9 /* PeopleRequest.swift */,
				26BE8CBF1E1407DD002EA673 /* Search.swift */,
				2698407C1E15276B00F0807F /* Sync.swift */,
				262B37881D7F408500CFEDF9 /* UserRequest.swift */,
			);
			path = "Resources-old";
			sourceTree = "<group>";
		};
		26AE74101F28660800DA45C3 /* Model */ = {
			isa = PBXGroup;
			children = (
				26DAB16E1FAEF918001CE2A1 /* Cast.swift */,
				26725E381FAE5116004BAEFA /* Comment.swift */,
				26DAB1771FAF02EB001CE2A1 /* Episode.swift */,
				2652A8561FAA226B00589E54 /* Ids.swift */,
				26725E3A1FAE52A2004BAEFA /* Image.swift */,
				26DAB16A1FAEF88A001CE2A1 /* People.swift */,
				26DAB16C1FAEF8AD001CE2A1 /* Person.swift */,
				26DAB1701FAEF958001CE2A1 /* Ratings.swift */,
				26DAB1751FAF01F3001CE2A1 /* Season.swift */,
				2652A8541FAA210400589E54 /* Show.swift */,
				2652A8581FAA2DF300589E54 /* Show+Explore.swift */,
				26DAB1721FAEFDEB001CE2A1 /* Stats.swift */,
				265E9E4E1D7B019E00B51D5D /* Token.swift */,
				26725E361FAE5110004BAEFA /* User.swift */,
			);
			path = Model;
			sourceTree = "<group>";
		};
		26AE74121F28662800DA45C3 /* Components */ = {
			isa = PBXGroup;
			children = (
				265823EF1D7CA16C0018F641 /* Extended.swift */,
				26F90FB11D9844CC0087A733 /* Helper.swift */,
				265823E41D7C854F0018F641 /* Result.swift */,
				265823E81D7C8AEB0018F641 /* StatusCode.swift */,
				26DEFDE61EBE01A500E83397 /* TraktError.swift */,
				269F1F231F28FB95007C69C5 /* TraktDateFormatter.swift */,
			);
			path = Components;
			sourceTree = "<group>";
		};
		26AE74131F28666400DA45C3 /* Support */ = {
			isa = PBXGroup;
			children = (
				26152AE21D7AFDAD00E40150 /* TraktKit.h */,
				26152AE31D7AFDAD00E40150 /* Info.plist */,
			);
			path = Support;
			sourceTree = "<group>";
		};
		26B43ACC1E13CBF800B8EB52 /* Model */ = {
			isa = PBXGroup;
			children = (
				26B43ACD1E13CC0400B8EB52 /* ContentTypeTests.swift */,
				26DEFDEA1EBE0C0800E83397 /* PeriodTests.swift */,
			);
			name = Model;
			sourceTree = "<group>";
		};
		26DEFDEE1EBE138A00E83397 /* Helper */ = {
			isa = PBXGroup;
			children = (
				26DEFDEF1EBE140F00E83397 /* FakeURLSession.swift */,
				268DDD4C1FA9C58200A38A51 /* Helper.swift */,
			);
			name = Helper;
			sourceTree = "<group>";
		};
		26DEFDF31EBE304100E83397 /* Requests */ = {
			isa = PBXGroup;
			children = (
				26DEFDFA1EBE343500E83397 /* EpisodeRequestTests.swift */,
				265C03781EBEF9E30037E722 /* ListRequestTests.swift */,
				26DEFDF41EBE308C00E83397 /* PeopleRequestTests.swift */,
				26DEFDF81EBE332E00E83397 /* SeasonRequestTests.swift */,
				265C037A1EBEFBBF0037E722 /* ShowRequestTests.swift */,
				265C03761EBEF8200037E722 /* UserRequestTests.swift */,
			);
			name = Requests;
			sourceTree = "<group>";
		};
/* End PBXGroup section */

/* Begin PBXHeadersBuildPhase section */
		26152ADC1D7AFDAC00E40150 /* Headers */ = {
			isa = PBXHeadersBuildPhase;
			buildActionMask = 2147483647;
			files = (
				26152AE41D7AFDAD00E40150 /* TraktKit.h in Headers */,
			);
			runOnlyForDeploymentPostprocessing = 0;
		};
/* End PBXHeadersBuildPhase section */

/* Begin PBXNativeTarget section */
		26152ADE1D7AFDAC00E40150 /* TraktKit */ = {
			isa = PBXNativeTarget;
			buildConfigurationList = 26152AE71D7AFDAD00E40150 /* Build configuration list for PBXNativeTarget "TraktKit" */;
			buildPhases = (
				26152ADA1D7AFDAC00E40150 /* Sources */,
				26152ADB1D7AFDAC00E40150 /* Frameworks */,
				26152ADC1D7AFDAC00E40150 /* Headers */,
				26152ADD1D7AFDAC00E40150 /* Resources */,
			);
			buildRules = (
			);
			dependencies = (
			);
			name = TraktKit;
			productName = TraktKit;
			productReference = 26152ADF1D7AFDAD00E40150 /* TraktKit.framework */;
			productType = "com.apple.product-type.framework";
		};
		2655F2581D7F1EB7002043BB /* TraktKitTests */ = {
			isa = PBXNativeTarget;
			buildConfigurationList = 2655F2631D7F1EB7002043BB /* Build configuration list for PBXNativeTarget "TraktKitTests" */;
			buildPhases = (
				2655F2551D7F1EB7002043BB /* Sources */,
				2655F2561D7F1EB7002043BB /* Frameworks */,
				2655F2571D7F1EB7002043BB /* Resources */,
			);
			buildRules = (
			);
			dependencies = (
				2655F2601D7F1EB7002043BB /* PBXTargetDependency */,
				266488351FD16142009638B1 /* PBXTargetDependency */,
			);
			name = TraktKitTests;
			productName = TraktKitTests;
			productReference = 2655F2591D7F1EB7002043BB /* TraktKitTests.xctest */;
			productType = "com.apple.product-type.bundle.unit-test";
		};
		266488201FD16106009638B1 /* TestsHost */ = {
			isa = PBXNativeTarget;
			buildConfigurationList = 266488301FD16106009638B1 /* Build configuration list for PBXNativeTarget "TestsHost" */;
			buildPhases = (
				2664881D1FD16106009638B1 /* Sources */,
				2664881E1FD16106009638B1 /* Frameworks */,
				2664881F1FD16106009638B1 /* Resources */,
			);
			buildRules = (
			);
			dependencies = (
			);
			name = TestsHost;
			productName = TestsHost;
			productReference = 266488211FD16106009638B1 /* TestsHost.app */;
			productType = "com.apple.product-type.application";
		};
/* End PBXNativeTarget section */

/* Begin PBXProject section */
		26152AD61D7AFDAC00E40150 /* Project object */ = {
			isa = PBXProject;
			attributes = {
				LastSwiftUpdateCheck = 0910;
				LastUpgradeCheck = 0900;
				ORGANIZATIONNAME = "Sven Bacia";
				TargetAttributes = {
					26152ADE1D7AFDAC00E40150 = {
						CreatedOnToolsVersion = 8.0;
						LastSwiftMigration = 0900;
						ProvisioningStyle = Manual;
					};
					2655F2581D7F1EB7002043BB = {
						CreatedOnToolsVersion = 8.0;
						DevelopmentTeam = ZG435LD5XK;
						LastSwiftMigration = 0900;
						ProvisioningStyle = Automatic;
						TestTargetID = 266488201FD16106009638B1;
					};
					266488201FD16106009638B1 = {
						CreatedOnToolsVersion = 9.1;
						DevelopmentTeam = ZG435LD5XK;
						ProvisioningStyle = Automatic;
					};
				};
			};
			buildConfigurationList = 26152AD91D7AFDAC00E40150 /* Build configuration list for PBXProject "TraktKit" */;
			compatibilityVersion = "Xcode 3.2";
			developmentRegion = English;
			hasScannedForEncodings = 0;
			knownRegions = (
				en,
				Base,
			);
			mainGroup = 26152AD51D7AFDAC00E40150;
			productRefGroup = 26152AE01D7AFDAD00E40150 /* Products */;
			projectDirPath = "";
			projectRoot = "";
			targets = (
				26152ADE1D7AFDAC00E40150 /* TraktKit */,
				2655F2581D7F1EB7002043BB /* TraktKitTests */,
				266488201FD16106009638B1 /* TestsHost */,
			);
		};
/* End PBXProject section */

/* Begin PBXResourcesBuildPhase section */
		26152ADD1D7AFDAC00E40150 /* Resources */ = {
			isa = PBXResourcesBuildPhase;
			buildActionMask = 2147483647;
			files = (
			);
			runOnlyForDeploymentPostprocessing = 0;
		};
		2655F2571D7F1EB7002043BB /* Resources */ = {
			isa = PBXResourcesBuildPhase;
			buildActionMask = 2147483647;
			files = (
				260E5DBB1FAF49C900A1E064 /* show-stats.json in Resources */,
				268DDD511FA9CAAA00A38A51 /* exchange-refresh-for-access-token.json in Resources */,
				2652A85F1FAA312F00589E54 /* shows-trending.json in Resources */,
				260E5DB91FAF493400A1E064 /* show-related.json in Resources */,
				26F1874A1FAA64020003ABE2 /* shows-anticipated.json in Resources */,
				26F187461FAA61B40003ABE2 /* shows-popular.json in Resources */,
				26C00EE41FCB260A00DC839D /* show-seasons.json in Resources */,
				26725E331FAE4EDC004BAEFA /* show-summary.json in Resources */,
				260E5DB51FAF445500A1E064 /* show-people.json in Resources */,
				26725E311FAE4D49004BAEFA /* shows-collected.json in Resources */,
				26F1874C1FAA67230003ABE2 /* shows-watched.json in Resources */,
				26F187481FAA62D30003ABE2 /* shows-played.json in Resources */,
				260E5DB31FAF421200A1E064 /* show-comments.json in Resources */,
				2636C2C31FD0628500911E10 /* show-seasons-episodes.json in Resources */,
				268DDD4F1FA9C63000A38A51 /* get-token.json in Resources */,
				260E5DBD1FAF4A4900A1E064 /* show-watching.json in Resources */,
				260E5DB71FAF474800A1E064 /* show-rating.json in Resources */,
			);
			runOnlyForDeploymentPostprocessing = 0;
		};
		2664881F1FD16106009638B1 /* Resources */ = {
			isa = PBXResourcesBuildPhase;
			buildActionMask = 2147483647;
			files = (
				2664882E1FD16106009638B1 /* LaunchScreen.storyboard in Resources */,
				2664882B1FD16106009638B1 /* Assets.xcassets in Resources */,
			);
			runOnlyForDeploymentPostprocessing = 0;
		};
/* End PBXResourcesBuildPhase section */

/* Begin PBXSourcesBuildPhase section */
		26152ADA1D7AFDAC00E40150 /* Sources */ = {
			isa = PBXSourcesBuildPhase;
			buildActionMask = 2147483647;
			files = (
				2652A8571FAA226B00589E54 /* Ids.swift in Sources */,
				26ADB81C1FA9E8EE00AF73B6 /* KeychainQuery.swift in Sources */,
				26725E371FAE5110004BAEFA /* User.swift in Sources */,
				265E9E4F1D7B019E00B51D5D /* Token.swift in Sources */,
				26DAB16F1FAEF918001CE2A1 /* Cast.swift in Sources */,
				26B43ACB1E13CAD700B8EB52 /* ListItemType.swift in Sources */,
				263C63441FA639850030B186 /* Resource+Path.swift in Sources */,
				265823E51D7C854F0018F641 /* Result.swift in Sources */,
				26725E3B1FAE52A2004BAEFA /* Image.swift in Sources */,
				26B43AC71E13CA3300B8EB52 /* ExploreType.swift in Sources */,
				26AE740C1F2865CC00DA45C3 /* MovieResource.swift in Sources */,
				262F5FC51F61C3640083CC5B /* Pagination.swift in Sources */,
				263C63391FA62C730030B186 /* Configuration.swift in Sources */,
				265823F01D7CA16C0018F641 /* Extended.swift in Sources */,
				263C634A1FA63E400030B186 /* JSONDecoder+Trakt.swift in Sources */,
				265823EC1D7C9F7C0018F641 /* Trakt+Auth.swift in Sources */,
				265823E31D7C7CD70018F641 /* Keychain.swift in Sources */,
				262B37871D7F3F3500CFEDF9 /* EpisodeResource.swift in Sources */,
				26DAB1731FAEFDEB001CE2A1 /* Stats.swift in Sources */,
				263C63401FA6389E0030B186 /* Resource+Parameters.swift in Sources */,
				26DAB1711FAEF958001CE2A1 /* Ratings.swift in Sources */,
				262B37891D7F408500CFEDF9 /* UserRequest.swift in Sources */,
				262B37851D7F3E5000CFEDF9 /* SeasonResource.swift in Sources */,
				262B37911D7F421900CFEDF9 /* ListRequest.swift in Sources */,
				26BE8CBE1E140484002EA673 /* AuthResource.swift in Sources */,
				263C633E1FA638670030B186 /* Resource+Factory.swift in Sources */,
				26DAB1761FAF01F3001CE2A1 /* Season.swift in Sources */,
				26B43AC51E13CA2200B8EB52 /* Period.swift in Sources */,
				26DAB1781FAF02EB001CE2A1 /* Episode.swift in Sources */,
				263C63461FA63AFA0030B186 /* Resource+Request.swift in Sources */,
				26DEFDE91EBE08F000E83397 /* Method.swift in Sources */,
				265823E91D7C8AEB0018F641 /* StatusCode.swift in Sources */,
				262B37971D7F4A9100CFEDF9 /* PeopleRequest.swift in Sources */,
				262B37951D7F444200CFEDF9 /* ContentType.swift in Sources */,
				2652A8591FAA2DF300589E54 /* Show+Explore.swift in Sources */,
				2652A8551FAA210400589E54 /* Show.swift in Sources */,
				26F90FB21D9844CC0087A733 /* Helper.swift in Sources */,
				26DEFDE71EBE01A500E83397 /* TraktError.swift in Sources */,
				265823E71D7C85900018F641 /* Resource.swift in Sources */,
				26BE8CBC1E140282002EA673 /* ExploreResource.swift in Sources */,
				265E9E4D1D7B016300B51D5D /* Credentials.swift in Sources */,
				265E9E4B1D7B00D500B51D5D /* Trakt.swift in Sources */,
				263C63421FA638EB0030B186 /* Resource+Parse.swift in Sources */,
				269F1F241F28FB95007C69C5 /* TraktDateFormatter.swift in Sources */,
				26B43AC31E13BF9E00B8EB52 /* Privacy.swift in Sources */,
				26B43AC91E13CA7900B8EB52 /* SearchType.swift in Sources */,
				26DAB16B1FAEF88A001CE2A1 /* People.swift in Sources */,
				26725E391FAE5116004BAEFA /* Comment.swift in Sources */,
				26BE8CC01E1407DD002EA673 /* Search.swift in Sources */,
				26DAB16D1FAEF8AD001CE2A1 /* Person.swift in Sources */,
				2698407D1E15276B00F0807F /* Sync.swift in Sources */,
				262B37621D7F2C4C00CFEDF9 /* ShowResource.swift in Sources */,
			);
			runOnlyForDeploymentPostprocessing = 0;
		};
		2655F2551D7F1EB7002043BB /* Sources */ = {
			isa = PBXSourcesBuildPhase;
			buildActionMask = 2147483647;
			files = (
				26DEFDF71EBE31C600E83397 /* TraktSearchTests.swift in Sources */,
				265C037F1EBEFEFB0037E722 /* TraktTests.swift in Sources */,
				2655F2721D7F25CD002043BB /* ResultTests.swift in Sources */,
				260E5DB11FAF406600A1E064 /* TraktShowTests.swift in Sources */,
				26B43ACE1E13CC0400B8EB52 /* ContentTypeTests.swift in Sources */,
				26DEFDF21EBE2B5A00E83397 /* TraktExploreTests.swift in Sources */,
				26DEFDF01EBE140F00E83397 /* FakeURLSession.swift in Sources */,
				26C00EE21FCB25CC00DC839D /* TraktSeasonTests.swift in Sources */,
				265C03791EBEF9E30037E722 /* ListRequestTests.swift in Sources */,
				26DEFDF91EBE332E00E83397 /* SeasonRequestTests.swift in Sources */,
				265C037D1EBEFD960037E722 /* TraktSyncTests.swift in Sources */,
				2655F2701D7F258B002043BB /* StatusCodeTests.swift in Sources */,
				261A57161E12865100D53957 /* TraktAuthTests.swift in Sources */,
				2655F2651D7F1EEE002043BB /* CredentialsTests.swift in Sources */,
				2655F26E1D7F2460002043BB /* ExtendedTests.swift in Sources */,
				2655F2671D7F1F6E002043BB /* TokenTests.swift in Sources */,
				26BE8C871E13F12B002EA673 /* ResourceTests.swift in Sources */,
				26DEFDF51EBE308C00E83397 /* PeopleRequestTests.swift in Sources */,
				265C037B1EBEFBBF0037E722 /* ShowRequestTests.swift in Sources */,
				26B43AD01E13CE8B00B8EB52 /* HelperTests.swift in Sources */,
				26DEFDEB1EBE0C0800E83397 /* PeriodTests.swift in Sources */,
				265C03771EBEF8200037E722 /* UserRequestTests.swift in Sources */,
				26DEFDFB1EBE343500E83397 /* EpisodeRequestTests.swift in Sources */,
				2655F2691D7F20D2002043BB /* KeychainTests.swift in Sources */,
				26DEFDED1EBE0E0400E83397 /* TraktErrorTests.swift in Sources */,
				268DDD4D1FA9C58200A38A51 /* Helper.swift in Sources */,
			);
			runOnlyForDeploymentPostprocessing = 0;
		};
		2664881D1FD16106009638B1 /* Sources */ = {
			isa = PBXSourcesBuildPhase;
			buildActionMask = 2147483647;
			files = (
				266488241FD16106009638B1 /* AppDelegate.swift in Sources */,
			);
			runOnlyForDeploymentPostprocessing = 0;
		};
/* End PBXSourcesBuildPhase section */

/* Begin PBXTargetDependency section */
		2655F2601D7F1EB7002043BB /* PBXTargetDependency */ = {
			isa = PBXTargetDependency;
			target = 26152ADE1D7AFDAC00E40150 /* TraktKit */;
			targetProxy = 2655F25F1D7F1EB7002043BB /* PBXContainerItemProxy */;
		};
		266488351FD16142009638B1 /* PBXTargetDependency */ = {
			isa = PBXTargetDependency;
			target = 266488201FD16106009638B1 /* TestsHost */;
			targetProxy = 266488341FD16142009638B1 /* PBXContainerItemProxy */;
		};
/* End PBXTargetDependency section */

/* Begin PBXVariantGroup section */
		2664882C1FD16106009638B1 /* LaunchScreen.storyboard */ = {
			isa = PBXVariantGroup;
			children = (
				2664882D1FD16106009638B1 /* Base */,
			);
			name = LaunchScreen.storyboard;
			sourceTree = "<group>";
		};
/* End PBXVariantGroup section */

/* Begin XCBuildConfiguration section */
		26152AE51D7AFDAD00E40150 /* Debug */ = {
			isa = XCBuildConfiguration;
			buildSettings = {
				ALWAYS_SEARCH_USER_PATHS = NO;
				CLANG_ANALYZER_NONNULL = YES;
				CLANG_CXX_LANGUAGE_STANDARD = "gnu++0x";
				CLANG_CXX_LIBRARY = "libc++";
				CLANG_ENABLE_MODULES = YES;
				CLANG_ENABLE_OBJC_ARC = YES;
				CLANG_WARN_BLOCK_CAPTURE_AUTORELEASING = YES;
				CLANG_WARN_BOOL_CONVERSION = YES;
				CLANG_WARN_COMMA = YES;
				CLANG_WARN_CONSTANT_CONVERSION = YES;
				CLANG_WARN_DIRECT_OBJC_ISA_USAGE = YES_ERROR;
				CLANG_WARN_DOCUMENTATION_COMMENTS = YES;
				CLANG_WARN_EMPTY_BODY = YES;
				CLANG_WARN_ENUM_CONVERSION = YES;
				CLANG_WARN_INFINITE_RECURSION = YES;
				CLANG_WARN_INT_CONVERSION = YES;
				CLANG_WARN_NON_LITERAL_NULL_CONVERSION = YES;
				CLANG_WARN_OBJC_LITERAL_CONVERSION = YES;
				CLANG_WARN_OBJC_ROOT_CLASS = YES_ERROR;
				CLANG_WARN_RANGE_LOOP_ANALYSIS = YES;
				CLANG_WARN_STRICT_PROTOTYPES = YES;
				CLANG_WARN_SUSPICIOUS_MOVE = YES;
				CLANG_WARN_SUSPICIOUS_MOVES = YES;
				CLANG_WARN_UNREACHABLE_CODE = YES;
				CLANG_WARN__DUPLICATE_METHOD_MATCH = YES;
				"CODE_SIGN_IDENTITY[sdk=iphoneos*]" = "iPhone Developer";
				COPY_PHASE_STRIP = NO;
				CURRENT_PROJECT_VERSION = 1;
				DEBUG_INFORMATION_FORMAT = dwarf;
				ENABLE_STRICT_OBJC_MSGSEND = YES;
				ENABLE_TESTABILITY = YES;
				GCC_C_LANGUAGE_STANDARD = gnu99;
				GCC_DYNAMIC_NO_PIC = NO;
				GCC_NO_COMMON_BLOCKS = YES;
				GCC_OPTIMIZATION_LEVEL = 0;
				GCC_PREPROCESSOR_DEFINITIONS = (
					"DEBUG=1",
					"$(inherited)",
				);
				GCC_WARN_64_TO_32_BIT_CONVERSION = YES;
				GCC_WARN_ABOUT_RETURN_TYPE = YES_ERROR;
				GCC_WARN_UNDECLARED_SELECTOR = YES;
				GCC_WARN_UNINITIALIZED_AUTOS = YES_AGGRESSIVE;
				GCC_WARN_UNUSED_FUNCTION = YES;
				GCC_WARN_UNUSED_VARIABLE = YES;
				IPHONEOS_DEPLOYMENT_TARGET = 10.0;
				MTL_ENABLE_DEBUG_INFO = YES;
				ONLY_ACTIVE_ARCH = YES;
				SDKROOT = iphoneos;
				SWIFT_ACTIVE_COMPILATION_CONDITIONS = DEBUG;
				SWIFT_OPTIMIZATION_LEVEL = "-Onone";
				TARGETED_DEVICE_FAMILY = "1,2";
				VERSIONING_SYSTEM = "apple-generic";
				VERSION_INFO_PREFIX = "";
			};
			name = Debug;
		};
		26152AE61D7AFDAD00E40150 /* Release */ = {
			isa = XCBuildConfiguration;
			buildSettings = {
				ALWAYS_SEARCH_USER_PATHS = NO;
				CLANG_ANALYZER_NONNULL = YES;
				CLANG_CXX_LANGUAGE_STANDARD = "gnu++0x";
				CLANG_CXX_LIBRARY = "libc++";
				CLANG_ENABLE_MODULES = YES;
				CLANG_ENABLE_OBJC_ARC = YES;
				CLANG_WARN_BLOCK_CAPTURE_AUTORELEASING = YES;
				CLANG_WARN_BOOL_CONVERSION = YES;
				CLANG_WARN_COMMA = YES;
				CLANG_WARN_CONSTANT_CONVERSION = YES;
				CLANG_WARN_DIRECT_OBJC_ISA_USAGE = YES_ERROR;
				CLANG_WARN_DOCUMENTATION_COMMENTS = YES;
				CLANG_WARN_EMPTY_BODY = YES;
				CLANG_WARN_ENUM_CONVERSION = YES;
				CLANG_WARN_INFINITE_RECURSION = YES;
				CLANG_WARN_INT_CONVERSION = YES;
				CLANG_WARN_NON_LITERAL_NULL_CONVERSION = YES;
				CLANG_WARN_OBJC_LITERAL_CONVERSION = YES;
				CLANG_WARN_OBJC_ROOT_CLASS = YES_ERROR;
				CLANG_WARN_RANGE_LOOP_ANALYSIS = YES;
				CLANG_WARN_STRICT_PROTOTYPES = YES;
				CLANG_WARN_SUSPICIOUS_MOVE = YES;
				CLANG_WARN_SUSPICIOUS_MOVES = YES;
				CLANG_WARN_UNREACHABLE_CODE = YES;
				CLANG_WARN__DUPLICATE_METHOD_MATCH = YES;
				"CODE_SIGN_IDENTITY[sdk=iphoneos*]" = "iPhone Developer";
				COPY_PHASE_STRIP = NO;
				CURRENT_PROJECT_VERSION = 1;
				DEBUG_INFORMATION_FORMAT = "dwarf-with-dsym";
				ENABLE_NS_ASSERTIONS = NO;
				ENABLE_STRICT_OBJC_MSGSEND = YES;
				GCC_C_LANGUAGE_STANDARD = gnu99;
				GCC_NO_COMMON_BLOCKS = YES;
				GCC_WARN_64_TO_32_BIT_CONVERSION = YES;
				GCC_WARN_ABOUT_RETURN_TYPE = YES_ERROR;
				GCC_WARN_UNDECLARED_SELECTOR = YES;
				GCC_WARN_UNINITIALIZED_AUTOS = YES_AGGRESSIVE;
				GCC_WARN_UNUSED_FUNCTION = YES;
				GCC_WARN_UNUSED_VARIABLE = YES;
				IPHONEOS_DEPLOYMENT_TARGET = 10.0;
				MTL_ENABLE_DEBUG_INFO = NO;
				SDKROOT = iphoneos;
				SWIFT_OPTIMIZATION_LEVEL = "-Owholemodule";
				TARGETED_DEVICE_FAMILY = "1,2";
				VALIDATE_PRODUCT = YES;
				VERSIONING_SYSTEM = "apple-generic";
				VERSION_INFO_PREFIX = "";
			};
			name = Release;
		};
		26152AE81D7AFDAD00E40150 /* Debug */ = {
			isa = XCBuildConfiguration;
			buildSettings = {
				APPLICATION_EXTENSION_API_ONLY = YES;
				CLANG_ENABLE_MODULES = YES;
				CODE_SIGN_IDENTITY = "";
				DEFINES_MODULE = YES;
				DEVELOPMENT_TEAM = "";
				DYLIB_COMPATIBILITY_VERSION = 1;
				DYLIB_CURRENT_VERSION = 1;
				DYLIB_INSTALL_NAME_BASE = "@rpath";
				INFOPLIST_FILE = TraktKit/Support/Info.plist;
				INSTALL_PATH = "$(LOCAL_LIBRARY_DIR)/Frameworks";
				IPHONEOS_DEPLOYMENT_TARGET = 10.0;
				LD_RUNPATH_SEARCH_PATHS = "$(inherited) @executable_path/Frameworks @loader_path/Frameworks";
				PRODUCT_BUNDLE_IDENTIFIER = com.svenbacia.TraktKit;
				PRODUCT_NAME = "$(TARGET_NAME)";
				SKIP_INSTALL = YES;
				SWIFT_OPTIMIZATION_LEVEL = "-Onone";
				SWIFT_SWIFT3_OBJC_INFERENCE = Off;
				SWIFT_VERSION = 4.0;
			};
			name = Debug;
		};
		26152AE91D7AFDAD00E40150 /* Release */ = {
			isa = XCBuildConfiguration;
			buildSettings = {
				APPLICATION_EXTENSION_API_ONLY = YES;
				CLANG_ENABLE_MODULES = YES;
				CODE_SIGN_IDENTITY = "";
				DEFINES_MODULE = YES;
				DEVELOPMENT_TEAM = "";
				DYLIB_COMPATIBILITY_VERSION = 1;
				DYLIB_CURRENT_VERSION = 1;
				DYLIB_INSTALL_NAME_BASE = "@rpath";
				INFOPLIST_FILE = TraktKit/Support/Info.plist;
				INSTALL_PATH = "$(LOCAL_LIBRARY_DIR)/Frameworks";
				IPHONEOS_DEPLOYMENT_TARGET = 10.0;
				LD_RUNPATH_SEARCH_PATHS = "$(inherited) @executable_path/Frameworks @loader_path/Frameworks";
				PRODUCT_BUNDLE_IDENTIFIER = com.svenbacia.TraktKit;
				PRODUCT_NAME = "$(TARGET_NAME)";
				SKIP_INSTALL = YES;
				SWIFT_SWIFT3_OBJC_INFERENCE = Off;
				SWIFT_VERSION = 4.0;
			};
			name = Release;
		};
		2655F2611D7F1EB7002043BB /* Debug */ = {
			isa = XCBuildConfiguration;
			buildSettings = {
				CLANG_ENABLE_MODULES = YES;
				DEVELOPMENT_TEAM = ZG435LD5XK;
				INFOPLIST_FILE = TraktKitTests/Info.plist;
				LD_RUNPATH_SEARCH_PATHS = "$(inherited) @executable_path/Frameworks @loader_path/Frameworks";
				PRODUCT_BUNDLE_IDENTIFIER = com.svenbacia.TraktKitTests;
				PRODUCT_NAME = "$(TARGET_NAME)";
				SWIFT_OPTIMIZATION_LEVEL = "-Onone";
				SWIFT_SWIFT3_OBJC_INFERENCE = Off;
				SWIFT_VERSION = 4.0;
				TEST_HOST = "$(BUILT_PRODUCTS_DIR)/TestsHost.app/TestsHost";
			};
			name = Debug;
		};
		2655F2621D7F1EB7002043BB /* Release */ = {
			isa = XCBuildConfiguration;
			buildSettings = {
				CLANG_ENABLE_MODULES = YES;
				DEVELOPMENT_TEAM = ZG435LD5XK;
				INFOPLIST_FILE = TraktKitTests/Info.plist;
				LD_RUNPATH_SEARCH_PATHS = "$(inherited) @executable_path/Frameworks @loader_path/Frameworks";
				PRODUCT_BUNDLE_IDENTIFIER = com.svenbacia.TraktKitTests;
				PRODUCT_NAME = "$(TARGET_NAME)";
				SWIFT_SWIFT3_OBJC_INFERENCE = Off;
				SWIFT_VERSION = 4.0;
				TEST_HOST = "$(BUILT_PRODUCTS_DIR)/TestsHost.app/TestsHost";
			};
			name = Release;
		};
		266488311FD16106009638B1 /* Debug */ = {
			isa = XCBuildConfiguration;
			buildSettings = {
				ASSETCATALOG_COMPILER_APPICON_NAME = AppIcon;
				CLANG_ANALYZER_NUMBER_OBJECT_CONVERSION = YES_AGGRESSIVE;
				CLANG_CXX_LANGUAGE_STANDARD = "gnu++14";
				CLANG_WARN_UNGUARDED_AVAILABILITY = YES_AGGRESSIVE;
				CODE_SIGN_IDENTITY = "iPhone Developer";
				CODE_SIGN_STYLE = Automatic;
				DEVELOPMENT_TEAM = ZG435LD5XK;
				GCC_C_LANGUAGE_STANDARD = gnu11;
				INFOPLIST_FILE = "$(SRCROOT)/TestsHost/Support/Info.plist";
				IPHONEOS_DEPLOYMENT_TARGET = 11.1;
				LD_RUNPATH_SEARCH_PATHS = "$(inherited) @executable_path/Frameworks";
				PRODUCT_BUNDLE_IDENTIFIER = com.svenbacia.TestsHost;
				PRODUCT_NAME = "$(TARGET_NAME)";
				SWIFT_VERSION = 4.0;
				TARGETED_DEVICE_FAMILY = "1,2";
			};
			name = Debug;
		};
		266488321FD16106009638B1 /* Release */ = {
			isa = XCBuildConfiguration;
			buildSettings = {
				ASSETCATALOG_COMPILER_APPICON_NAME = AppIcon;
				CLANG_ANALYZER_NUMBER_OBJECT_CONVERSION = YES_AGGRESSIVE;
				CLANG_CXX_LANGUAGE_STANDARD = "gnu++14";
				CLANG_WARN_UNGUARDED_AVAILABILITY = YES_AGGRESSIVE;
				CODE_SIGN_IDENTITY = "iPhone Developer";
				CODE_SIGN_STYLE = Automatic;
				DEVELOPMENT_TEAM = ZG435LD5XK;
				GCC_C_LANGUAGE_STANDARD = gnu11;
				INFOPLIST_FILE = "$(SRCROOT)/TestsHost/Support/Info.plist";
				IPHONEOS_DEPLOYMENT_TARGET = 11.1;
				LD_RUNPATH_SEARCH_PATHS = "$(inherited) @executable_path/Frameworks";
				PRODUCT_BUNDLE_IDENTIFIER = com.svenbacia.TestsHost;
				PRODUCT_NAME = "$(TARGET_NAME)";
				SWIFT_VERSION = 4.0;
				TARGETED_DEVICE_FAMILY = "1,2";
			};
			name = Release;
		};
/* End XCBuildConfiguration section */

/* Begin XCConfigurationList section */
		26152AD91D7AFDAC00E40150 /* Build configuration list for PBXProject "TraktKit" */ = {
			isa = XCConfigurationList;
			buildConfigurations = (
				26152AE51D7AFDAD00E40150 /* Debug */,
				26152AE61D7AFDAD00E40150 /* Release */,
			);
			defaultConfigurationIsVisible = 0;
			defaultConfigurationName = Release;
		};
		26152AE71D7AFDAD00E40150 /* Build configuration list for PBXNativeTarget "TraktKit" */ = {
			isa = XCConfigurationList;
			buildConfigurations = (
				26152AE81D7AFDAD00E40150 /* Debug */,
				26152AE91D7AFDAD00E40150 /* Release */,
			);
			defaultConfigurationIsVisible = 0;
			defaultConfigurationName = Release;
		};
		2655F2631D7F1EB7002043BB /* Build configuration list for PBXNativeTarget "TraktKitTests" */ = {
			isa = XCConfigurationList;
			buildConfigurations = (
				2655F2611D7F1EB7002043BB /* Debug */,
				2655F2621D7F1EB7002043BB /* Release */,
			);
			defaultConfigurationIsVisible = 0;
			defaultConfigurationName = Release;
		};
		266488301FD16106009638B1 /* Build configuration list for PBXNativeTarget "TestsHost" */ = {
			isa = XCConfigurationList;
			buildConfigurations = (
				266488311FD16106009638B1 /* Debug */,
				266488321FD16106009638B1 /* Release */,
			);
			defaultConfigurationIsVisible = 0;
			defaultConfigurationName = Release;
		};
/* End XCConfigurationList section */
	};
	rootObject = 26152AD61D7AFDAC00E40150 /* Project object */;
}
